// !$*UTF8*$!
{
	archiveVersion = 1;
	classes = {
	};
	objectVersion = 46;
	objects = {

/* Begin PBXBuildFile section */
		4837277E1EB8A8DF0060B064 /* DataSync.swift in Sources */ = {isa = PBXBuildFile; fileRef = 4837277D1EB8A8DF0060B064 /* DataSync.swift */; };
		483727801EB8AD940060B064 /* Moya.framework in Frameworks */ = {isa = PBXBuildFile; fileRef = 4837277F1EB8AD940060B064 /* Moya.framework */; };
		483727821EB8AD9C0060B064 /* Result.framework in Frameworks */ = {isa = PBXBuildFile; fileRef = 483727811EB8AD9C0060B064 /* Result.framework */; };
		483727841EB8ADAE0060B064 /* Alamofire.framework in Frameworks */ = {isa = PBXBuildFile; fileRef = 483727831EB8ADAE0060B064 /* Alamofire.framework */; };
		484428F51EC99766008658B8 /* TableStampStorage.swift in Sources */ = {isa = PBXBuildFile; fileRef = 484428F41EC99766008658B8 /* TableStampStorage.swift */; };
		484428F71EC998D0008658B8 /* DataSyncDelegate.swift in Sources */ = {isa = PBXBuildFile; fileRef = 484428F61EC998D0008658B8 /* DataSyncDelegate.swift */; };
		484428F91EC998F0008658B8 /* DataSyncError.swift in Sources */ = {isa = PBXBuildFile; fileRef = 484428F81EC998F0008658B8 /* DataSyncError.swift */; };
		484428FB1EC99922008658B8 /* Sequence+Result.swift in Sources */ = {isa = PBXBuildFile; fileRef = 484428FA1EC99922008658B8 /* Sequence+Result.swift */; };
		484428FD1EC9995E008658B8 /* DataSync+Process.swift in Sources */ = {isa = PBXBuildFile; fileRef = 484428FC1EC9995E008658B8 /* DataSync+Process.swift */; };
		484429011EC999A6008658B8 /* DataSync+Sync.swift in Sources */ = {isa = PBXBuildFile; fileRef = 484429001EC999A6008658B8 /* DataSync+Sync.swift */; };
		484803831EBC768E0094D84C /* DataSync+Preferences.swift in Sources */ = {isa = PBXBuildFile; fileRef = 484803821EBC768E0094D84C /* DataSync+Preferences.swift */; };
		484803851EBC76D70094D84C /* DataSync+Singleton.swift in Sources */ = {isa = PBXBuildFile; fileRef = 484803841EBC76D70094D84C /* DataSync+Singleton.swift */; };
		484803871EBC78680094D84C /* Array+Dictionary.swift in Sources */ = {isa = PBXBuildFile; fileRef = 484803861EBC78680094D84C /* Array+Dictionary.swift */; };
		484803A01EBCB13B0094D84C /* AttributeStorageType+DataStore.swift in Sources */ = {isa = PBXBuildFile; fileRef = 4848039F1EBCB13B0094D84C /* AttributeStorageType+DataStore.swift */; };
		484803A31EBCB2340094D84C /* DataSync+Table.swift in Sources */ = {isa = PBXBuildFile; fileRef = 484803A21EBCB2340094D84C /* DataSync+Table.swift */; };
		484803A51EBCB5C50094D84C /* DataSync+Records.swift in Sources */ = {isa = PBXBuildFile; fileRef = 484803A41EBCB5C50094D84C /* DataSync+Records.swift */; };
		485554901ECAEC85001EE365 /* TableStampStorageTests.swift in Sources */ = {isa = PBXBuildFile; fileRef = 4855548F1ECAEC85001EE365 /* TableStampStorageTests.swift */; };
		485554921ECAEF40001EE365 /* Utils.swift in Sources */ = {isa = PBXBuildFile; fileRef = 485554911ECAEF40001EE365 /* Utils.swift */; };
		485554C11ECAEF68001EE365 /* catalog.json in Resources */ = {isa = PBXBuildFile; fileRef = 485554961ECAEF68001EE365 /* catalog.json */; };
		485554C21ECAEF68001EE365 /* CLIENTS.catalog.json in Resources */ = {isa = PBXBuildFile; fileRef = 485554971ECAEF68001EE365 /* CLIENTS.catalog.json */; };
		485554C31ECAEF68001EE365 /* INVOICES.catalog.json in Resources */ = {isa = PBXBuildFile; fileRef = 485554981ECAEF68001EE365 /* INVOICES.catalog.json */; };
		485554C41ECAEF68001EE365 /* PRODUCTS.catalog.json in Resources */ = {isa = PBXBuildFile; fileRef = 485554991ECAEF68001EE365 /* PRODUCTS.catalog.json */; };
		485554C71ECAEF68001EE365 /* CLIENTS(2).json in Resources */ = {isa = PBXBuildFile; fileRef = 4855549D1ECAEF68001EE365 /* CLIENTS(2).json */; };
		485554C81ECAEF68001EE365 /* CLIENTS.json in Resources */ = {isa = PBXBuildFile; fileRef = 4855549E1ECAEF68001EE365 /* CLIENTS.json */; };
		485554C91ECAEF68001EE365 /* INVOICES.json in Resources */ = {isa = PBXBuildFile; fileRef = 4855549F1ECAEF68001EE365 /* INVOICES.json */; };
		485554CA1ECAEF68001EE365 /* PRODUCTS.json in Resources */ = {isa = PBXBuildFile; fileRef = 485554A01ECAEF68001EE365 /* PRODUCTS.json */; };
		485554DD1ECAEF68001EE365 /* rest.json in Resources */ = {isa = PBXBuildFile; fileRef = 485554B51ECAEF68001EE365 /* rest.json */; };
		485554DE1ECAEF68001EE365 /* restcatalog.json in Resources */ = {isa = PBXBuildFile; fileRef = 485554B61ECAEF68001EE365 /* restcatalog.json */; };
		485554DF1ECAEF68001EE365 /* restcatalogall.json in Resources */ = {isa = PBXBuildFile; fileRef = 485554B71ECAEF68001EE365 /* restcatalogall.json */; };
		485554E01ECAEF68001EE365 /* restcompute.json in Resources */ = {isa = PBXBuildFile; fileRef = 485554B81ECAEF68001EE365 /* restcompute.json */; };
		485554E11ECAEF68001EE365 /* restinfo.json in Resources */ = {isa = PBXBuildFile; fileRef = 485554B91ECAEF68001EE365 /* restinfo.json */; };
		485554E21ECAEF68001EE365 /* restmethod.json in Resources */ = {isa = PBXBuildFile; fileRef = 485554BA1ECAEF68001EE365 /* restmethod.json */; };
		485554E31ECAEF68001EE365 /* restrecord.json in Resources */ = {isa = PBXBuildFile; fileRef = 485554BB1ECAEF68001EE365 /* restrecord.json */; };
		485554E41ECAEF68001EE365 /* restrecords.json in Resources */ = {isa = PBXBuildFile; fileRef = 485554BC1ECAEF68001EE365 /* restrecords.json */; };
		485554E51ECAEF68001EE365 /* resttable.json in Resources */ = {isa = PBXBuildFile; fileRef = 485554BD1ECAEF68001EE365 /* resttable.json */; };
		485554EA1ECAF04A001EE365 /* Invoices.xcdatamodeld in Sources */ = {isa = PBXBuildFile; fileRef = 485554E81ECAF04A001EE365 /* Invoices.xcdatamodeld */; };
		485554EC1ECAF2E5001EE365 /* RemoteConfig.swift in Sources */ = {isa = PBXBuildFile; fileRef = 485554EB1ECAF2E5001EE365 /* RemoteConfig.swift */; };
		485554F01ECAFE35001EE365 /* DataStore+Future.swift in Sources */ = {isa = PBXBuildFile; fileRef = 485554ED1ECAF853001EE365 /* DataStore+Future.swift */; };
		485554F31ECB00D4001EE365 /* DataSync+Future.swift in Sources */ = {isa = PBXBuildFile; fileRef = 485554F11ECB004C001EE365 /* DataSync+Future.swift */; };
		485554F51ECB2B71001EE365 /* DataStoreTableStampStorageTests.swift in Sources */ = {isa = PBXBuildFile; fileRef = 485554F41ECB2B71001EE365 /* DataStoreTableStampStorageTests.swift */; };
		4865B1AB1EC1BA3100085634 /* BrightFutures.framework in Frameworks */ = {isa = PBXBuildFile; fileRef = 4865B1AA1EC1BA3100085634 /* BrightFutures.framework */; };
		4865B1AC1EC1BA3100085634 /* BrightFutures.framework in Frameworks */ = {isa = PBXBuildFile; fileRef = 4865B1AA1EC1BA3100085634 /* BrightFutures.framework */; };
		48C55E7D1EB8A09600F9ECAC /* QMobileDataSync.h in Headers */ = {isa = PBXBuildFile; fileRef = 48C55E7B1EB8A09600F9ECAC /* QMobileDataSync.h */; settings = {ATTRIBUTES = (Public, ); }; };
		48C55E8F1EB8A48300F9ECAC /* ObjcExceptionBridging.framework in Frameworks */ = {isa = PBXBuildFile; fileRef = 48C55E881EB8A48300F9ECAC /* ObjcExceptionBridging.framework */; };
		48C55E901EB8A48300F9ECAC /* Prephirences.framework in Frameworks */ = {isa = PBXBuildFile; fileRef = 48C55E891EB8A48300F9ECAC /* Prephirences.framework */; };
		48C55E911EB8A48300F9ECAC /* QMobileAPI.framework in Frameworks */ = {isa = PBXBuildFile; fileRef = 48C55E8A1EB8A48300F9ECAC /* QMobileAPI.framework */; };
		48C55E921EB8A48300F9ECAC /* QMobileDataStore.framework in Frameworks */ = {isa = PBXBuildFile; fileRef = 48C55E8B1EB8A48300F9ECAC /* QMobileDataStore.framework */; };
		48C55E931EB8A48300F9ECAC /* Result.framework in Frameworks */ = {isa = PBXBuildFile; fileRef = 48C55E8C1EB8A48300F9ECAC /* Result.framework */; };
		48C55E941EB8A48300F9ECAC /* SwiftyJSON.framework in Frameworks */ = {isa = PBXBuildFile; fileRef = 48C55E8D1EB8A48300F9ECAC /* SwiftyJSON.framework */; };
		48C55E951EB8A48300F9ECAC /* XCGLogger.framework in Frameworks */ = {isa = PBXBuildFile; fileRef = 48C55E8E1EB8A48300F9ECAC /* XCGLogger.framework */; };
		48C55E9D1EB8A4A100F9ECAC /* DataSyncTests.swift in Sources */ = {isa = PBXBuildFile; fileRef = 48C55E9C1EB8A4A100F9ECAC /* DataSyncTests.swift */; };
		48C55E9F1EB8A4A100F9ECAC /* QMobileDataSync.framework in Frameworks */ = {isa = PBXBuildFile; fileRef = 48C55E781EB8A09600F9ECAC /* QMobileDataSync.framework */; };
/* End PBXBuildFile section */

/* Begin PBXContainerItemProxy section */
		48C55EA01EB8A4A100F9ECAC /* PBXContainerItemProxy */ = {
			isa = PBXContainerItemProxy;
			containerPortal = 48C55E6F1EB8A09600F9ECAC /* Project object */;
			proxyType = 1;
			remoteGlobalIDString = 48C55E771EB8A09600F9ECAC;
			remoteInfo = QMobileDataSync;
		};
/* End PBXContainerItemProxy section */

/* Begin PBXFileReference section */
		4837277D1EB8A8DF0060B064 /* DataSync.swift */ = {isa = PBXFileReference; fileEncoding = 4; lastKnownFileType = sourcecode.swift; path = DataSync.swift; sourceTree = "<group>"; };
		4837277F1EB8AD940060B064 /* Moya.framework */ = {isa = PBXFileReference; lastKnownFileType = wrapper.framework; name = Moya.framework; path = Carthage/Build/iOS/Moya.framework; sourceTree = "<group>"; };
		483727811EB8AD9C0060B064 /* Result.framework */ = {isa = PBXFileReference; lastKnownFileType = wrapper.framework; name = Result.framework; path = Carthage/Build/iOS/Result.framework; sourceTree = "<group>"; };
		483727831EB8ADAE0060B064 /* Alamofire.framework */ = {isa = PBXFileReference; lastKnownFileType = wrapper.framework; name = Alamofire.framework; path = Carthage/Build/iOS/Alamofire.framework; sourceTree = "<group>"; };
		484428F41EC99766008658B8 /* TableStampStorage.swift */ = {isa = PBXFileReference; fileEncoding = 4; lastKnownFileType = sourcecode.swift; path = TableStampStorage.swift; sourceTree = "<group>"; };
		484428F61EC998D0008658B8 /* DataSyncDelegate.swift */ = {isa = PBXFileReference; fileEncoding = 4; lastKnownFileType = sourcecode.swift; path = DataSyncDelegate.swift; sourceTree = "<group>"; };
		484428F81EC998F0008658B8 /* DataSyncError.swift */ = {isa = PBXFileReference; fileEncoding = 4; lastKnownFileType = sourcecode.swift; path = DataSyncError.swift; sourceTree = "<group>"; };
		484428FA1EC99922008658B8 /* Sequence+Result.swift */ = {isa = PBXFileReference; fileEncoding = 4; lastKnownFileType = sourcecode.swift; path = "Sequence+Result.swift"; sourceTree = "<group>"; };
		484428FC1EC9995E008658B8 /* DataSync+Process.swift */ = {isa = PBXFileReference; fileEncoding = 4; lastKnownFileType = sourcecode.swift; path = "DataSync+Process.swift"; sourceTree = "<group>"; };
		484429001EC999A6008658B8 /* DataSync+Sync.swift */ = {isa = PBXFileReference; fileEncoding = 4; lastKnownFileType = sourcecode.swift; path = "DataSync+Sync.swift"; sourceTree = "<group>"; };
		484803821EBC768E0094D84C /* DataSync+Preferences.swift */ = {isa = PBXFileReference; fileEncoding = 4; lastKnownFileType = sourcecode.swift; path = "DataSync+Preferences.swift"; sourceTree = "<group>"; };
		484803841EBC76D70094D84C /* DataSync+Singleton.swift */ = {isa = PBXFileReference; fileEncoding = 4; lastKnownFileType = sourcecode.swift; path = "DataSync+Singleton.swift"; sourceTree = "<group>"; };
		484803861EBC78680094D84C /* Array+Dictionary.swift */ = {isa = PBXFileReference; fileEncoding = 4; lastKnownFileType = sourcecode.swift; path = "Array+Dictionary.swift"; sourceTree = "<group>"; };
		4848039F1EBCB13B0094D84C /* AttributeStorageType+DataStore.swift */ = {isa = PBXFileReference; fileEncoding = 4; lastKnownFileType = sourcecode.swift; path = "AttributeStorageType+DataStore.swift"; sourceTree = "<group>"; };
		484803A21EBCB2340094D84C /* DataSync+Table.swift */ = {isa = PBXFileReference; fileEncoding = 4; lastKnownFileType = sourcecode.swift; path = "DataSync+Table.swift"; sourceTree = "<group>"; };
		484803A41EBCB5C50094D84C /* DataSync+Records.swift */ = {isa = PBXFileReference; fileEncoding = 4; lastKnownFileType = sourcecode.swift; path = "DataSync+Records.swift"; sourceTree = "<group>"; };
		4855548F1ECAEC85001EE365 /* TableStampStorageTests.swift */ = {isa = PBXFileReference; fileEncoding = 4; lastKnownFileType = sourcecode.swift; path = TableStampStorageTests.swift; sourceTree = "<group>"; };
		485554911ECAEF40001EE365 /* Utils.swift */ = {isa = PBXFileReference; fileEncoding = 4; lastKnownFileType = sourcecode.swift; path = Utils.swift; sourceTree = "<group>"; };
		485554961ECAEF68001EE365 /* catalog.json */ = {isa = PBXFileReference; fileEncoding = 4; lastKnownFileType = text.json; path = catalog.json; sourceTree = "<group>"; };
		485554971ECAEF68001EE365 /* CLIENTS.catalog.json */ = {isa = PBXFileReference; fileEncoding = 4; lastKnownFileType = text.json; path = CLIENTS.catalog.json; sourceTree = "<group>"; };
		485554981ECAEF68001EE365 /* INVOICES.catalog.json */ = {isa = PBXFileReference; fileEncoding = 4; lastKnownFileType = text.json; path = INVOICES.catalog.json; sourceTree = "<group>"; };
		485554991ECAEF68001EE365 /* PRODUCTS.catalog.json */ = {isa = PBXFileReference; fileEncoding = 4; lastKnownFileType = text.json; path = PRODUCTS.catalog.json; sourceTree = "<group>"; };
		4855549D1ECAEF68001EE365 /* CLIENTS(2).json */ = {isa = PBXFileReference; fileEncoding = 4; lastKnownFileType = text.json; path = "CLIENTS(2).json"; sourceTree = "<group>"; };
		4855549E1ECAEF68001EE365 /* CLIENTS.json */ = {isa = PBXFileReference; fileEncoding = 4; lastKnownFileType = text.json; path = CLIENTS.json; sourceTree = "<group>"; };
		4855549F1ECAEF68001EE365 /* INVOICES.json */ = {isa = PBXFileReference; fileEncoding = 4; lastKnownFileType = text.json; path = INVOICES.json; sourceTree = "<group>"; };
		485554A01ECAEF68001EE365 /* PRODUCTS.json */ = {isa = PBXFileReference; fileEncoding = 4; lastKnownFileType = text.json; path = PRODUCTS.json; sourceTree = "<group>"; };
		485554B51ECAEF68001EE365 /* rest.json */ = {isa = PBXFileReference; fileEncoding = 4; lastKnownFileType = text.json; path = rest.json; sourceTree = "<group>"; };
		485554B61ECAEF68001EE365 /* restcatalog.json */ = {isa = PBXFileReference; fileEncoding = 4; lastKnownFileType = text.json; path = restcatalog.json; sourceTree = "<group>"; };
		485554B71ECAEF68001EE365 /* restcatalogall.json */ = {isa = PBXFileReference; fileEncoding = 4; lastKnownFileType = text.json; path = restcatalogall.json; sourceTree = "<group>"; };
		485554B81ECAEF68001EE365 /* restcompute.json */ = {isa = PBXFileReference; fileEncoding = 4; lastKnownFileType = text.json; path = restcompute.json; sourceTree = "<group>"; };
		485554B91ECAEF68001EE365 /* restinfo.json */ = {isa = PBXFileReference; fileEncoding = 4; lastKnownFileType = text.json; path = restinfo.json; sourceTree = "<group>"; };
		485554BA1ECAEF68001EE365 /* restmethod.json */ = {isa = PBXFileReference; fileEncoding = 4; lastKnownFileType = text.json; path = restmethod.json; sourceTree = "<group>"; };
		485554BB1ECAEF68001EE365 /* restrecord.json */ = {isa = PBXFileReference; fileEncoding = 4; lastKnownFileType = text.json; path = restrecord.json; sourceTree = "<group>"; };
		485554BC1ECAEF68001EE365 /* restrecords.json */ = {isa = PBXFileReference; fileEncoding = 4; lastKnownFileType = text.json; path = restrecords.json; sourceTree = "<group>"; };
		485554BD1ECAEF68001EE365 /* resttable.json */ = {isa = PBXFileReference; fileEncoding = 4; lastKnownFileType = text.json; path = resttable.json; sourceTree = "<group>"; };
		485554E91ECAF04A001EE365 /* Invoices.xcdatamodel */ = {isa = PBXFileReference; lastKnownFileType = wrapper.xcdatamodel; path = Invoices.xcdatamodel; sourceTree = "<group>"; };
		485554EB1ECAF2E5001EE365 /* RemoteConfig.swift */ = {isa = PBXFileReference; fileEncoding = 4; lastKnownFileType = sourcecode.swift; path = RemoteConfig.swift; sourceTree = "<group>"; };
		485554ED1ECAF853001EE365 /* DataStore+Future.swift */ = {isa = PBXFileReference; fileEncoding = 4; lastKnownFileType = sourcecode.swift; path = "DataStore+Future.swift"; sourceTree = "<group>"; };
		485554F11ECB004C001EE365 /* DataSync+Future.swift */ = {isa = PBXFileReference; fileEncoding = 4; lastKnownFileType = sourcecode.swift; path = "DataSync+Future.swift"; sourceTree = "<group>"; };
		485554F41ECB2B71001EE365 /* DataStoreTableStampStorageTests.swift */ = {isa = PBXFileReference; fileEncoding = 4; lastKnownFileType = sourcecode.swift; path = DataStoreTableStampStorageTests.swift; sourceTree = "<group>"; };
		4865B1A91EC1B7BF00085634 /* Cartfile */ = {isa = PBXFileReference; lastKnownFileType = text; path = Cartfile; sourceTree = "<group>"; };
		4865B1AA1EC1BA3100085634 /* BrightFutures.framework */ = {isa = PBXFileReference; lastKnownFileType = wrapper.framework; name = BrightFutures.framework; path = Carthage/Build/iOS/BrightFutures.framework; sourceTree = "<group>"; };
		48C55E781EB8A09600F9ECAC /* QMobileDataSync.framework */ = {isa = PBXFileReference; explicitFileType = wrapper.framework; includeInIndex = 0; path = QMobileDataSync.framework; sourceTree = BUILT_PRODUCTS_DIR; };
		48C55E7B1EB8A09600F9ECAC /* QMobileDataSync.h */ = {isa = PBXFileReference; lastKnownFileType = sourcecode.c.h; path = QMobileDataSync.h; sourceTree = "<group>"; };
		48C55E7C1EB8A09600F9ECAC /* Info.plist */ = {isa = PBXFileReference; lastKnownFileType = text.plist.xml; path = Info.plist; sourceTree = "<group>"; };
		48C55E881EB8A48300F9ECAC /* ObjcExceptionBridging.framework */ = {isa = PBXFileReference; lastKnownFileType = wrapper.framework; name = ObjcExceptionBridging.framework; path = Carthage/Build/iOS/ObjcExceptionBridging.framework; sourceTree = "<group>"; };
		48C55E891EB8A48300F9ECAC /* Prephirences.framework */ = {isa = PBXFileReference; lastKnownFileType = wrapper.framework; name = Prephirences.framework; path = Carthage/Build/iOS/Prephirences.framework; sourceTree = "<group>"; };
		48C55E8A1EB8A48300F9ECAC /* QMobileAPI.framework */ = {isa = PBXFileReference; lastKnownFileType = wrapper.framework; name = QMobileAPI.framework; path = Carthage/Build/iOS/QMobileAPI.framework; sourceTree = "<group>"; };
		48C55E8B1EB8A48300F9ECAC /* QMobileDataStore.framework */ = {isa = PBXFileReference; lastKnownFileType = wrapper.framework; name = QMobileDataStore.framework; path = Carthage/Build/iOS/QMobileDataStore.framework; sourceTree = "<group>"; };
		48C55E8C1EB8A48300F9ECAC /* Result.framework */ = {isa = PBXFileReference; lastKnownFileType = wrapper.framework; name = Result.framework; path = Carthage/Build/iOS/Result.framework; sourceTree = "<group>"; };
		48C55E8D1EB8A48300F9ECAC /* SwiftyJSON.framework */ = {isa = PBXFileReference; lastKnownFileType = wrapper.framework; name = SwiftyJSON.framework; path = Carthage/Build/iOS/SwiftyJSON.framework; sourceTree = "<group>"; };
		48C55E8E1EB8A48300F9ECAC /* XCGLogger.framework */ = {isa = PBXFileReference; lastKnownFileType = wrapper.framework; name = XCGLogger.framework; path = Carthage/Build/iOS/XCGLogger.framework; sourceTree = "<group>"; };
		48C55E9A1EB8A4A100F9ECAC /* Tests.xctest */ = {isa = PBXFileReference; explicitFileType = wrapper.cfbundle; includeInIndex = 0; path = Tests.xctest; sourceTree = BUILT_PRODUCTS_DIR; };
		48C55E9C1EB8A4A100F9ECAC /* DataSyncTests.swift */ = {isa = PBXFileReference; lastKnownFileType = sourcecode.swift; path = DataSyncTests.swift; sourceTree = "<group>"; };
		48C55E9E1EB8A4A100F9ECAC /* Info.plist */ = {isa = PBXFileReference; lastKnownFileType = text.plist.xml; path = Info.plist; sourceTree = "<group>"; };
/* End PBXFileReference section */

/* Begin PBXFrameworksBuildPhase section */
		48C55E741EB8A09600F9ECAC /* Frameworks */ = {
			isa = PBXFrameworksBuildPhase;
			buildActionMask = 2147483647;
			files = (
				483727801EB8AD940060B064 /* Moya.framework in Frameworks */,
				48C55E911EB8A48300F9ECAC /* QMobileAPI.framework in Frameworks */,
				48C55E901EB8A48300F9ECAC /* Prephirences.framework in Frameworks */,
				483727841EB8ADAE0060B064 /* Alamofire.framework in Frameworks */,
				483727821EB8AD9C0060B064 /* Result.framework in Frameworks */,
				48C55E941EB8A48300F9ECAC /* SwiftyJSON.framework in Frameworks */,
				48C55E951EB8A48300F9ECAC /* XCGLogger.framework in Frameworks */,
				48C55E931EB8A48300F9ECAC /* Result.framework in Frameworks */,
				4865B1AB1EC1BA3100085634 /* BrightFutures.framework in Frameworks */,
				48C55E921EB8A48300F9ECAC /* QMobileDataStore.framework in Frameworks */,
				48C55E8F1EB8A48300F9ECAC /* ObjcExceptionBridging.framework in Frameworks */,
			);
			runOnlyForDeploymentPostprocessing = 0;
		};
		48C55E971EB8A4A100F9ECAC /* Frameworks */ = {
			isa = PBXFrameworksBuildPhase;
			buildActionMask = 2147483647;
			files = (
				48C55E9F1EB8A4A100F9ECAC /* QMobileDataSync.framework in Frameworks */,
				4865B1AC1EC1BA3100085634 /* BrightFutures.framework in Frameworks */,
			);
			runOnlyForDeploymentPostprocessing = 0;
		};
/* End PBXFrameworksBuildPhase section */

/* Begin PBXGroup section */
		484428FE1EC99969008658B8 /* Configuration */ = {
			isa = PBXGroup;
			children = (
				484803821EBC768E0094D84C /* DataSync+Preferences.swift */,
				484803841EBC76D70094D84C /* DataSync+Singleton.swift */,
			);
			name = Configuration;
			sourceTree = "<group>";
		};
		484428FF1EC99973008658B8 /* API */ = {
			isa = PBXGroup;
			children = (
				484428F41EC99766008658B8 /* TableStampStorage.swift */,
				484803A21EBCB2340094D84C /* DataSync+Table.swift */,
				484803A41EBCB5C50094D84C /* DataSync+Records.swift */,
			);
			name = API;
			sourceTree = "<group>";
		};
		484803A11EBCB1660094D84C /* Extensions */ = {
			isa = PBXGroup;
			children = (
				4848039F1EBCB13B0094D84C /* AttributeStorageType+DataStore.swift */,
				484803861EBC78680094D84C /* Array+Dictionary.swift */,
				484428FA1EC99922008658B8 /* Sequence+Result.swift */,
			);
			name = Extensions;
			sourceTree = "<group>";
		};
		485554951ECAEF68001EE365 /* Catalog */ = {
			isa = PBXGroup;
			children = (
				485554961ECAEF68001EE365 /* catalog.json */,
				485554971ECAEF68001EE365 /* CLIENTS.catalog.json */,
				485554981ECAEF68001EE365 /* INVOICES.catalog.json */,
				485554991ECAEF68001EE365 /* PRODUCTS.catalog.json */,
			);
			path = Catalog;
			sourceTree = "<group>";
		};
		4855549C1ECAEF68001EE365 /* Data */ = {
			isa = PBXGroup;
			children = (
				4855549D1ECAEF68001EE365 /* CLIENTS(2).json */,
				4855549E1ECAEF68001EE365 /* CLIENTS.json */,
				4855549F1ECAEF68001EE365 /* INVOICES.json */,
				485554A01ECAEF68001EE365 /* PRODUCTS.json */,
			);
			path = Data;
			sourceTree = "<group>";
		};
		485554B41ECAEF68001EE365 /* Stubbed Responses */ = {
			isa = PBXGroup;
			children = (
				485554B51ECAEF68001EE365 /* rest.json */,
				485554B61ECAEF68001EE365 /* restcatalog.json */,
				485554B71ECAEF68001EE365 /* restcatalogall.json */,
				485554B81ECAEF68001EE365 /* restcompute.json */,
				485554B91ECAEF68001EE365 /* restinfo.json */,
				485554BA1ECAEF68001EE365 /* restmethod.json */,
				485554BB1ECAEF68001EE365 /* restrecord.json */,
				485554BC1ECAEF68001EE365 /* restrecords.json */,
				485554BD1ECAEF68001EE365 /* resttable.json */,
			);
			path = "Stubbed Responses";
			sourceTree = "<group>";
		};
		485554EF1ECAF857001EE365 /* Future */ = {
			isa = PBXGroup;
			children = (
				485554ED1ECAF853001EE365 /* DataStore+Future.swift */,
				485554F11ECB004C001EE365 /* DataSync+Future.swift */,
			);
			name = Future;
			sourceTree = "<group>";
		};
		48C55E6E1EB8A09600F9ECAC = {
			isa = PBXGroup;
			children = (
				48C55E831EB8A19900F9ECAC /* Sources */,
				48C55E841EB8A1A000F9ECAC /* Xcode */,
				48C55E9B1EB8A4A100F9ECAC /* Tests */,
				48C55E791EB8A09600F9ECAC /* Products */,
				48C55E871EB8A43000F9ECAC /* Frameworks */,
			);
			sourceTree = "<group>";
		};
		48C55E791EB8A09600F9ECAC /* Products */ = {
			isa = PBXGroup;
			children = (
				48C55E781EB8A09600F9ECAC /* QMobileDataSync.framework */,
				48C55E9A1EB8A4A100F9ECAC /* Tests.xctest */,
			);
			name = Products;
			sourceTree = "<group>";
		};
		48C55E7A1EB8A09600F9ECAC /* iOS */ = {
			isa = PBXGroup;
			children = (
				48C55E7B1EB8A09600F9ECAC /* QMobileDataSync.h */,
				48C55E7C1EB8A09600F9ECAC /* Info.plist */,
			);
			path = iOS;
			sourceTree = "<group>";
		};
		48C55E831EB8A19900F9ECAC /* Sources */ = {
			isa = PBXGroup;
			children = (
				4837277D1EB8A8DF0060B064 /* DataSync.swift */,
				484428F61EC998D0008658B8 /* DataSyncDelegate.swift */,
				484428F81EC998F0008658B8 /* DataSyncError.swift */,
				484429001EC999A6008658B8 /* DataSync+Sync.swift */,
				484428FC1EC9995E008658B8 /* DataSync+Process.swift */,
				484428FF1EC99973008658B8 /* API */,
				484428FE1EC99969008658B8 /* Configuration */,
				484803A11EBCB1660094D84C /* Extensions */,
				485554EF1ECAF857001EE365 /* Future */,
			);
			path = Sources;
			sourceTree = "<group>";
		};
		48C55E841EB8A1A000F9ECAC /* Xcode */ = {
			isa = PBXGroup;
			children = (
				48C55E7A1EB8A09600F9ECAC /* iOS */,
			);
			path = Xcode;
			sourceTree = "<group>";
		};
		48C55E871EB8A43000F9ECAC /* Frameworks */ = {
			isa = PBXGroup;
			children = (
				4865B1A91EC1B7BF00085634 /* Cartfile */,
				4865B1AA1EC1BA3100085634 /* BrightFutures.framework */,
				483727831EB8ADAE0060B064 /* Alamofire.framework */,
				483727811EB8AD9C0060B064 /* Result.framework */,
				4837277F1EB8AD940060B064 /* Moya.framework */,
				48C55E881EB8A48300F9ECAC /* ObjcExceptionBridging.framework */,
				48C55E891EB8A48300F9ECAC /* Prephirences.framework */,
				48C55E8A1EB8A48300F9ECAC /* QMobileAPI.framework */,
				48C55E8B1EB8A48300F9ECAC /* QMobileDataStore.framework */,
				48C55E8C1EB8A48300F9ECAC /* Result.framework */,
				48C55E8D1EB8A48300F9ECAC /* SwiftyJSON.framework */,
				48C55E8E1EB8A48300F9ECAC /* XCGLogger.framework */,
			);
			name = Frameworks;
			sourceTree = "<group>";
		};
		48C55E9B1EB8A4A100F9ECAC /* Tests */ = {
			isa = PBXGroup;
			children = (
				485554E81ECAF04A001EE365 /* Invoices.xcdatamodeld */,
				485554B41ECAEF68001EE365 /* Stubbed Responses */,
				4855549C1ECAEF68001EE365 /* Data */,
				485554951ECAEF68001EE365 /* Catalog */,
				485554911ECAEF40001EE365 /* Utils.swift */,
				485554EB1ECAF2E5001EE365 /* RemoteConfig.swift */,
				48C55E9C1EB8A4A100F9ECAC /* DataSyncTests.swift */,
				4855548F1ECAEC85001EE365 /* TableStampStorageTests.swift */,
				485554F41ECB2B71001EE365 /* DataStoreTableStampStorageTests.swift */,
				48C55E9E1EB8A4A100F9ECAC /* Info.plist */,
			);
			path = Tests;
			sourceTree = "<group>";
		};
/* End PBXGroup section */

/* Begin PBXHeadersBuildPhase section */
		48C55E751EB8A09600F9ECAC /* Headers */ = {
			isa = PBXHeadersBuildPhase;
			buildActionMask = 2147483647;
			files = (
				48C55E7D1EB8A09600F9ECAC /* QMobileDataSync.h in Headers */,
			);
			runOnlyForDeploymentPostprocessing = 0;
		};
/* End PBXHeadersBuildPhase section */

/* Begin PBXLegacyTarget section */
		483727851EB8AE4A0060B064 /* swiftlint */ = {
			isa = PBXLegacyTarget;
			buildArgumentsString = autocorrect;
			buildConfigurationList = 483727861EB8AE4A0060B064 /* Build configuration list for PBXLegacyTarget "swiftlint" */;
			buildPhases = (
			);
			buildToolPath = /usr/local/bin/swiftlint;
			buildWorkingDirectory = "";
			dependencies = (
			);
			name = swiftlint;
			passBuildSettingsInEnvironment = 1;
			productName = swiftlint;
		};
/* End PBXLegacyTarget section */

/* Begin PBXNativeTarget section */
		48C55E771EB8A09600F9ECAC /* QMobileDataSync */ = {
			isa = PBXNativeTarget;
			buildConfigurationList = 48C55E801EB8A09600F9ECAC /* Build configuration list for PBXNativeTarget "QMobileDataSync" */;
			buildPhases = (
				48C55E731EB8A09600F9ECAC /* Sources */,
				48C55E741EB8A09600F9ECAC /* Frameworks */,
				48C55E751EB8A09600F9ECAC /* Headers */,
				48C55E761EB8A09600F9ECAC /* Resources */,
				483727891EB8AE5E0060B064 /* swiftlint */,
			);
			buildRules = (
			);
			dependencies = (
			);
			name = QMobileDataSync;
			productName = QMobileDataSync;
			productReference = 48C55E781EB8A09600F9ECAC /* QMobileDataSync.framework */;
			productType = "com.apple.product-type.framework";
		};
		48C55E991EB8A4A100F9ECAC /* Tests */ = {
			isa = PBXNativeTarget;
			buildConfigurationList = 48C55EA21EB8A4A100F9ECAC /* Build configuration list for PBXNativeTarget "Tests" */;
			buildPhases = (
				48C55E961EB8A4A100F9ECAC /* Sources */,
				48C55E971EB8A4A100F9ECAC /* Frameworks */,
				48C55E981EB8A4A100F9ECAC /* Resources */,
				4837278A1EB8AE8D0060B064 /* ShellScript */,
			);
			buildRules = (
			);
			dependencies = (
				48C55EA11EB8A4A100F9ECAC /* PBXTargetDependency */,
			);
			name = Tests;
			productName = Tests;
			productReference = 48C55E9A1EB8A4A100F9ECAC /* Tests.xctest */;
			productType = "com.apple.product-type.bundle.unit-test";
		};
/* End PBXNativeTarget section */

/* Begin PBXProject section */
		48C55E6F1EB8A09600F9ECAC /* Project object */ = {
			isa = PBXProject;
			attributes = {
				LastSwiftUpdateCheck = 0830;
				LastUpgradeCheck = 0830;
				ORGANIZATIONNAME = "Eric Marchand";
				TargetAttributes = {
					483727851EB8AE4A0060B064 = {
						CreatedOnToolsVersion = 8.3.2;
						ProvisioningStyle = Automatic;
					};
					48C55E771EB8A09600F9ECAC = {
						CreatedOnToolsVersion = 8.3.2;
						LastSwiftMigration = 0830;
						ProvisioningStyle = Automatic;
					};
					48C55E991EB8A4A100F9ECAC = {
						CreatedOnToolsVersion = 8.3.2;
						ProvisioningStyle = Automatic;
					};
				};
			};
			buildConfigurationList = 48C55E721EB8A09600F9ECAC /* Build configuration list for PBXProject "QMobileDataSync" */;
			compatibilityVersion = "Xcode 3.2";
			developmentRegion = English;
			hasScannedForEncodings = 0;
			knownRegions = (
				en,
			);
			mainGroup = 48C55E6E1EB8A09600F9ECAC;
			productRefGroup = 48C55E791EB8A09600F9ECAC /* Products */;
			projectDirPath = "";
			projectRoot = "";
			targets = (
				48C55E771EB8A09600F9ECAC /* QMobileDataSync */,
				48C55E991EB8A4A100F9ECAC /* Tests */,
				483727851EB8AE4A0060B064 /* swiftlint */,
			);
		};
/* End PBXProject section */

/* Begin PBXResourcesBuildPhase section */
		48C55E761EB8A09600F9ECAC /* Resources */ = {
			isa = PBXResourcesBuildPhase;
			buildActionMask = 2147483647;
			files = (
			);
			runOnlyForDeploymentPostprocessing = 0;
		};
		48C55E981EB8A4A100F9ECAC /* Resources */ = {
			isa = PBXResourcesBuildPhase;
			buildActionMask = 2147483647;
			files = (
				485554E51ECAEF68001EE365 /* resttable.json in Resources */,
				485554C91ECAEF68001EE365 /* INVOICES.json in Resources */,
				485554CA1ECAEF68001EE365 /* PRODUCTS.json in Resources */,
				485554E21ECAEF68001EE365 /* restmethod.json in Resources */,
				485554E31ECAEF68001EE365 /* restrecord.json in Resources */,
				485554DE1ECAEF68001EE365 /* restcatalog.json in Resources */,
				485554C11ECAEF68001EE365 /* catalog.json in Resources */,
				485554E11ECAEF68001EE365 /* restinfo.json in Resources */,
				485554C31ECAEF68001EE365 /* INVOICES.catalog.json in Resources */,
				485554C71ECAEF68001EE365 /* CLIENTS(2).json in Resources */,
				485554E41ECAEF68001EE365 /* restrecords.json in Resources */,
				485554C41ECAEF68001EE365 /* PRODUCTS.catalog.json in Resources */,
				485554C81ECAEF68001EE365 /* CLIENTS.json in Resources */,
				485554DF1ECAEF68001EE365 /* restcatalogall.json in Resources */,
				485554C21ECAEF68001EE365 /* CLIENTS.catalog.json in Resources */,
				485554E01ECAEF68001EE365 /* restcompute.json in Resources */,
				485554DD1ECAEF68001EE365 /* rest.json in Resources */,
			);
			runOnlyForDeploymentPostprocessing = 0;
		};
/* End PBXResourcesBuildPhase section */

/* Begin PBXShellScriptBuildPhase section */
		483727891EB8AE5E0060B064 /* swiftlint */ = {
			isa = PBXShellScriptBuildPhase;
			buildActionMask = 2147483647;
			files = (
			);
			inputPaths = (
			);
			name = swiftlint;
			outputPaths = (
			);
			runOnlyForDeploymentPostprocessing = 0;
			shellPath = /bin/sh;
			shellScript = "if which swiftlint >/dev/null; then\nswiftlint\nelse\necho \"warning: SwiftLint not installed, download from https://github.com/realm/SwiftLint\"\nfi";
		};
		4837278A1EB8AE8D0060B064 /* ShellScript */ = {
			isa = PBXShellScriptBuildPhase;
			buildActionMask = 2147483647;
			files = (
			);
			inputPaths = (
				"$(SRCROOT)/Carthage/Build/iOS/QMobileDataStore.framework",
				"$(SRCROOT)/Carthage/Build/iOS/ObjcExceptionBridging.framework",
				"$(SRCROOT)/Carthage/Build/iOS/Prephirences.framework",
				"$(SRCROOT)/Carthage/Build/iOS/Result.framework",
				"$(SRCROOT)/Carthage/Build/iOS/SwiftyJSON.framework",
				"$(SRCROOT)/Carthage/Build/iOS/XCGLogger.framework",
				"$(SRCROOT)/Carthage/Build/iOS/Moya.framework",
				"$(SRCROOT)/Carthage/Build/iOS/Alamofire.framework",
				"$(SRCROOT)/Carthage/Build/iOS/QMobileAPI.framework",
				"$(SRCROOT)/Carthage/Build/iOS/BrightFutures.framework",
			);
			outputPaths = (
			);
			runOnlyForDeploymentPostprocessing = 0;
			shellPath = /bin/sh;
			shellScript = "/usr/local/bin/carthage copy-frameworks";
		};
/* End PBXShellScriptBuildPhase section */

/* Begin PBXSourcesBuildPhase section */
		48C55E731EB8A09600F9ECAC /* Sources */ = {
			isa = PBXSourcesBuildPhase;
			buildActionMask = 2147483647;
			files = (
				4837277E1EB8A8DF0060B064 /* DataSync.swift in Sources */,
				484429011EC999A6008658B8 /* DataSync+Sync.swift in Sources */,
				484428F71EC998D0008658B8 /* DataSyncDelegate.swift in Sources */,
				484803851EBC76D70094D84C /* DataSync+Singleton.swift in Sources */,
				485554F01ECAFE35001EE365 /* DataStore+Future.swift in Sources */,
				484803831EBC768E0094D84C /* DataSync+Preferences.swift in Sources */,
				484803871EBC78680094D84C /* Array+Dictionary.swift in Sources */,
				484428F51EC99766008658B8 /* TableStampStorage.swift in Sources */,
				484428FB1EC99922008658B8 /* Sequence+Result.swift in Sources */,
				484803A01EBCB13B0094D84C /* AttributeStorageType+DataStore.swift in Sources */,
				484428F91EC998F0008658B8 /* DataSyncError.swift in Sources */,
				484803A51EBCB5C50094D84C /* DataSync+Records.swift in Sources */,
				485554F31ECB00D4001EE365 /* DataSync+Future.swift in Sources */,
				484428FD1EC9995E008658B8 /* DataSync+Process.swift in Sources */,
				484803A31EBCB2340094D84C /* DataSync+Table.swift in Sources */,
			);
			runOnlyForDeploymentPostprocessing = 0;
		};
		48C55E961EB8A4A100F9ECAC /* Sources */ = {
			isa = PBXSourcesBuildPhase;
			buildActionMask = 2147483647;
			files = (
				485554901ECAEC85001EE365 /* TableStampStorageTests.swift in Sources */,
				485554EC1ECAF2E5001EE365 /* RemoteConfig.swift in Sources */,
				485554F51ECB2B71001EE365 /* DataStoreTableStampStorageTests.swift in Sources */,
				485554EA1ECAF04A001EE365 /* Invoices.xcdatamodeld in Sources */,
				48C55E9D1EB8A4A100F9ECAC /* DataSyncTests.swift in Sources */,
				485554921ECAEF40001EE365 /* Utils.swift in Sources */,
			);
			runOnlyForDeploymentPostprocessing = 0;
		};
/* End PBXSourcesBuildPhase section */

/* Begin PBXTargetDependency section */
		48C55EA11EB8A4A100F9ECAC /* PBXTargetDependency */ = {
			isa = PBXTargetDependency;
			target = 48C55E771EB8A09600F9ECAC /* QMobileDataSync */;
			targetProxy = 48C55EA01EB8A4A100F9ECAC /* PBXContainerItemProxy */;
		};
/* End PBXTargetDependency section */

/* Begin XCBuildConfiguration section */
		483727871EB8AE4A0060B064 /* Debug */ = {
			isa = XCBuildConfiguration;
			buildSettings = {
				DEBUGGING_SYMBOLS = YES;
				DEBUG_INFORMATION_FORMAT = dwarf;
				GCC_GENERATE_DEBUGGING_SYMBOLS = YES;
				GCC_OPTIMIZATION_LEVEL = 0;
				OTHER_CFLAGS = "";
				OTHER_LDFLAGS = "";
				PRODUCT_NAME = "$(TARGET_NAME)";
			};
			name = Debug;
		};
		483727881EB8AE4A0060B064 /* Release */ = {
			isa = XCBuildConfiguration;
			buildSettings = {
				DEBUG_INFORMATION_FORMAT = "dwarf-with-dsym";
				OTHER_CFLAGS = "";
				OTHER_LDFLAGS = "";
				PRODUCT_NAME = "$(TARGET_NAME)";
			};
			name = Release;
		};
		48C55E7E1EB8A09600F9ECAC /* Debug */ = {
			isa = XCBuildConfiguration;
			buildSettings = {
				ALWAYS_SEARCH_USER_PATHS = NO;
				CLANG_ANALYZER_NONNULL = YES;
				CLANG_ANALYZER_NUMBER_OBJECT_CONVERSION = YES_AGGRESSIVE;
				CLANG_CXX_LANGUAGE_STANDARD = "gnu++0x";
				CLANG_CXX_LIBRARY = "libc++";
				CLANG_ENABLE_MODULES = YES;
				CLANG_ENABLE_OBJC_ARC = YES;
				CLANG_WARN_BOOL_CONVERSION = YES;
				CLANG_WARN_CONSTANT_CONVERSION = YES;
				CLANG_WARN_DIRECT_OBJC_ISA_USAGE = YES_ERROR;
				CLANG_WARN_DOCUMENTATION_COMMENTS = YES;
				CLANG_WARN_EMPTY_BODY = YES;
				CLANG_WARN_ENUM_CONVERSION = YES;
				CLANG_WARN_INFINITE_RECURSION = YES;
				CLANG_WARN_INT_CONVERSION = YES;
				CLANG_WARN_OBJC_ROOT_CLASS = YES_ERROR;
				CLANG_WARN_SUSPICIOUS_MOVE = YES;
				CLANG_WARN_UNREACHABLE_CODE = YES;
				CLANG_WARN__DUPLICATE_METHOD_MATCH = YES;
				"CODE_SIGN_IDENTITY[sdk=iphoneos*]" = "iPhone Developer";
				COPY_PHASE_STRIP = NO;
				CURRENT_PROJECT_VERSION = 1;
				DEBUG_INFORMATION_FORMAT = dwarf;
				ENABLE_STRICT_OBJC_MSGSEND = YES;
				ENABLE_TESTABILITY = YES;
				GCC_C_LANGUAGE_STANDARD = gnu99;
				GCC_DYNAMIC_NO_PIC = NO;
				GCC_NO_COMMON_BLOCKS = YES;
				GCC_OPTIMIZATION_LEVEL = 0;
				GCC_PREPROCESSOR_DEFINITIONS = (
					"DEBUG=1",
					"$(inherited)",
				);
				GCC_WARN_64_TO_32_BIT_CONVERSION = YES;
				GCC_WARN_ABOUT_RETURN_TYPE = YES_ERROR;
				GCC_WARN_UNDECLARED_SELECTOR = YES;
				GCC_WARN_UNINITIALIZED_AUTOS = YES_AGGRESSIVE;
				GCC_WARN_UNUSED_FUNCTION = YES;
				GCC_WARN_UNUSED_VARIABLE = YES;
				IPHONEOS_DEPLOYMENT_TARGET = 10.3;
				MTL_ENABLE_DEBUG_INFO = YES;
				ONLY_ACTIVE_ARCH = YES;
				SDKROOT = iphoneos;
				SWIFT_ACTIVE_COMPILATION_CONDITIONS = DEBUG;
				SWIFT_OPTIMIZATION_LEVEL = "-Onone";
				TARGETED_DEVICE_FAMILY = "1,2";
				VERSIONING_SYSTEM = "apple-generic";
				VERSION_INFO_PREFIX = "";
			};
			name = Debug;
		};
		48C55E7F1EB8A09600F9ECAC /* Release */ = {
			isa = XCBuildConfiguration;
			buildSettings = {
				ALWAYS_SEARCH_USER_PATHS = NO;
				CLANG_ANALYZER_NONNULL = YES;
				CLANG_ANALYZER_NUMBER_OBJECT_CONVERSION = YES_AGGRESSIVE;
				CLANG_CXX_LANGUAGE_STANDARD = "gnu++0x";
				CLANG_CXX_LIBRARY = "libc++";
				CLANG_ENABLE_MODULES = YES;
				CLANG_ENABLE_OBJC_ARC = YES;
				CLANG_WARN_BOOL_CONVERSION = YES;
				CLANG_WARN_CONSTANT_CONVERSION = YES;
				CLANG_WARN_DIRECT_OBJC_ISA_USAGE = YES_ERROR;
				CLANG_WARN_DOCUMENTATION_COMMENTS = YES;
				CLANG_WARN_EMPTY_BODY = YES;
				CLANG_WARN_ENUM_CONVERSION = YES;
				CLANG_WARN_INFINITE_RECURSION = YES;
				CLANG_WARN_INT_CONVERSION = YES;
				CLANG_WARN_OBJC_ROOT_CLASS = YES_ERROR;
				CLANG_WARN_SUSPICIOUS_MOVE = YES;
				CLANG_WARN_UNREACHABLE_CODE = YES;
				CLANG_WARN__DUPLICATE_METHOD_MATCH = YES;
				"CODE_SIGN_IDENTITY[sdk=iphoneos*]" = "iPhone Developer";
				COPY_PHASE_STRIP = NO;
				CURRENT_PROJECT_VERSION = 1;
				DEBUG_INFORMATION_FORMAT = "dwarf-with-dsym";
				ENABLE_NS_ASSERTIONS = NO;
				ENABLE_STRICT_OBJC_MSGSEND = YES;
				GCC_C_LANGUAGE_STANDARD = gnu99;
				GCC_NO_COMMON_BLOCKS = YES;
				GCC_WARN_64_TO_32_BIT_CONVERSION = YES;
				GCC_WARN_ABOUT_RETURN_TYPE = YES_ERROR;
				GCC_WARN_UNDECLARED_SELECTOR = YES;
				GCC_WARN_UNINITIALIZED_AUTOS = YES_AGGRESSIVE;
				GCC_WARN_UNUSED_FUNCTION = YES;
				GCC_WARN_UNUSED_VARIABLE = YES;
				IPHONEOS_DEPLOYMENT_TARGET = 10.3;
				MTL_ENABLE_DEBUG_INFO = NO;
				SDKROOT = iphoneos;
				SWIFT_OPTIMIZATION_LEVEL = "-Owholemodule";
				TARGETED_DEVICE_FAMILY = "1,2";
				VALIDATE_PRODUCT = YES;
				VERSIONING_SYSTEM = "apple-generic";
				VERSION_INFO_PREFIX = "";
			};
			name = Release;
		};
		48C55E811EB8A09600F9ECAC /* Debug */ = {
			isa = XCBuildConfiguration;
			buildSettings = {
				CLANG_ENABLE_MODULES = YES;
				CODE_SIGN_IDENTITY = "";
				DEFINES_MODULE = YES;
				DYLIB_COMPATIBILITY_VERSION = 1;
				DYLIB_CURRENT_VERSION = 1;
				DYLIB_INSTALL_NAME_BASE = "@rpath";
				FRAMEWORK_SEARCH_PATHS = (
					"$(inherited)",
					"$(PROJECT_DIR)/Carthage/Build/iOS",
				);
				INFOPLIST_FILE = Xcode/iOS/Info.plist;
				INSTALL_PATH = "$(LOCAL_LIBRARY_DIR)/Frameworks";
				LD_RUNPATH_SEARCH_PATHS = "$(inherited) @executable_path/Frameworks @loader_path/Frameworks";
				PRODUCT_BUNDLE_IDENTIFIER = fr.phimage.QMobileDataSync;
				PRODUCT_NAME = "$(TARGET_NAME)";
				SKIP_INSTALL = YES;
				SWIFT_OPTIMIZATION_LEVEL = "-Onone";
				SWIFT_VERSION = 3.0;
			};
			name = Debug;
		};
		48C55E821EB8A09600F9ECAC /* Release */ = {
			isa = XCBuildConfiguration;
			buildSettings = {
				CLANG_ENABLE_MODULES = YES;
				CODE_SIGN_IDENTITY = "";
				DEFINES_MODULE = YES;
				DYLIB_COMPATIBILITY_VERSION = 1;
				DYLIB_CURRENT_VERSION = 1;
				DYLIB_INSTALL_NAME_BASE = "@rpath";
				FRAMEWORK_SEARCH_PATHS = (
					"$(inherited)",
					"$(PROJECT_DIR)/Carthage/Build/iOS",
				);
				INFOPLIST_FILE = Xcode/iOS/Info.plist;
				INSTALL_PATH = "$(LOCAL_LIBRARY_DIR)/Frameworks";
				LD_RUNPATH_SEARCH_PATHS = "$(inherited) @executable_path/Frameworks @loader_path/Frameworks";
				PRODUCT_BUNDLE_IDENTIFIER = fr.phimage.QMobileDataSync;
				PRODUCT_NAME = "$(TARGET_NAME)";
				SKIP_INSTALL = YES;
				SWIFT_VERSION = 3.0;
			};
			name = Release;
		};
		48C55EA31EB8A4A100F9ECAC /* Debug */ = {
			isa = XCBuildConfiguration;
			buildSettings = {
				ALWAYS_EMBED_SWIFT_STANDARD_LIBRARIES = YES;
				FRAMEWORK_SEARCH_PATHS = (
					"$(inherited)",
					"$(PROJECT_DIR)/Carthage/Build/iOS",
				);
				INFOPLIST_FILE = Tests/Info.plist;
				LD_RUNPATH_SEARCH_PATHS = "$(inherited) @executable_path/Frameworks @loader_path/Frameworks";
				PRODUCT_BUNDLE_IDENTIFIER = fr.phimage.Tests;
				PRODUCT_NAME = "$(TARGET_NAME)";
				SWIFT_VERSION = 3.0;
			};
			name = Debug;
		};
		48C55EA41EB8A4A100F9ECAC /* Release */ = {
			isa = XCBuildConfiguration;
			buildSettings = {
				ALWAYS_EMBED_SWIFT_STANDARD_LIBRARIES = YES;
				FRAMEWORK_SEARCH_PATHS = (
					"$(inherited)",
					"$(PROJECT_DIR)/Carthage/Build/iOS",
				);
				INFOPLIST_FILE = Tests/Info.plist;
				LD_RUNPATH_SEARCH_PATHS = "$(inherited) @executable_path/Frameworks @loader_path/Frameworks";
				PRODUCT_BUNDLE_IDENTIFIER = fr.phimage.Tests;
				PRODUCT_NAME = "$(TARGET_NAME)";
				SWIFT_VERSION = 3.0;
			};
			name = Release;
		};
/* End XCBuildConfiguration section */

/* Begin XCConfigurationList section */
		483727861EB8AE4A0060B064 /* Build configuration list for PBXLegacyTarget "swiftlint" */ = {
			isa = XCConfigurationList;
			buildConfigurations = (
				483727871EB8AE4A0060B064 /* Debug */,
				483727881EB8AE4A0060B064 /* Release */,
			);
			defaultConfigurationIsVisible = 0;
			defaultConfigurationName = Release;
		};
		48C55E721EB8A09600F9ECAC /* Build configuration list for PBXProject "QMobileDataSync" */ = {
			isa = XCConfigurationList;
			buildConfigurations = (
				48C55E7E1EB8A09600F9ECAC /* Debug */,
				48C55E7F1EB8A09600F9ECAC /* Release */,
			);
			defaultConfigurationIsVisible = 0;
			defaultConfigurationName = Release;
		};
		48C55E801EB8A09600F9ECAC /* Build configuration list for PBXNativeTarget "QMobileDataSync" */ = {
			isa = XCConfigurationList;
			buildConfigurations = (
				48C55E811EB8A09600F9ECAC /* Debug */,
				48C55E821EB8A09600F9ECAC /* Release */,
			);
			defaultConfigurationIsVisible = 0;
			defaultConfigurationName = Release;
		};
		48C55EA21EB8A4A100F9ECAC /* Build configuration list for PBXNativeTarget "Tests" */ = {
			isa = XCConfigurationList;
			buildConfigurations = (
				48C55EA31EB8A4A100F9ECAC /* Debug */,
				48C55EA41EB8A4A100F9ECAC /* Release */,
			);
			defaultConfigurationIsVisible = 0;
			defaultConfigurationName = Release;
		};
/* End XCConfigurationList section */

/* Begin XCVersionGroup section */
		485554E81ECAF04A001EE365 /* Invoices.xcdatamodeld */ = {
			isa = XCVersionGroup;
			children = (
				485554E91ECAF04A001EE365 /* Invoices.xcdatamodel */,
			);
			currentVersion = 485554E91ECAF04A001EE365 /* Invoices.xcdatamodel */;
			path = Invoices.xcdatamodeld;
			sourceTree = "<group>";
			versionGroupType = wrapper.xcdatamodel;
		};
/* End XCVersionGroup section */
	};
	rootObject = 48C55E6F1EB8A09600F9ECAC /* Project object */;
}
