// !$*UTF8*$!
{
	archiveVersion = 1;
	classes = {
	};
	objectVersion = 46;
	objects = {

/* Begin PBXBuildFile section */
		4811229C1F682001001EE34E /* DataSync+Dump.swift in Sources */ = {isa = PBXBuildFile; fileRef = 4811229B1F682001001EE34E /* DataSync+Dump.swift */; };
		4811229E1F682888001EE34E /* DataDumpTests.swift in Sources */ = {isa = PBXBuildFile; fileRef = 4811229D1F682888001EE34E /* DataDumpTests.swift */; };
		481BFB781F4F1C1F007B77C8 /* FileKit.framework in Frameworks */ = {isa = PBXBuildFile; fileRef = 481BFB771F4F1C1F007B77C8 /* FileKit.framework */; };
		481EDC731F4C568F00E97960 /* DataSync+Cache.swift in Sources */ = {isa = PBXBuildFile; fileRef = 481EDC721F4C568F00E97960 /* DataSync+Cache.swift */; };
		481EDC771F4C724500E97960 /* LocalizableTests.swift in Sources */ = {isa = PBXBuildFile; fileRef = 481EDC761F4C724500E97960 /* LocalizableTests.swift */; };
		481EDC781F4C72BF00E97960 /* Localizable.strings in Resources */ = {isa = PBXBuildFile; fileRef = 481EDC7A1F4C72BF00E97960 /* Localizable.strings */; };
		482259CE1F5EA3CD00BB2A87 /* DeviceKit.framework in Frameworks */ = {isa = PBXBuildFile; fileRef = 482259CD1F5EA3CD00BB2A87 /* DeviceKit.framework */; };
		4837277E1EB8A8DF0060B064 /* DataSync.swift in Sources */ = {isa = PBXBuildFile; fileRef = 4837277D1EB8A8DF0060B064 /* DataSync.swift */; };
		483727801EB8AD940060B064 /* Moya.framework in Frameworks */ = {isa = PBXBuildFile; fileRef = 4837277F1EB8AD940060B064 /* Moya.framework */; };
		483727841EB8ADAE0060B064 /* Alamofire.framework in Frameworks */ = {isa = PBXBuildFile; fileRef = 483727831EB8ADAE0060B064 /* Alamofire.framework */; };
		483EF60F1EF925BB00C11B5E /* DataStoreIntegrationTests.swift in Sources */ = {isa = PBXBuildFile; fileRef = 483EF60E1EF925BB00C11B5E /* DataStoreIntegrationTests.swift */; };
		4843784D1F471C02004C5101 /* DataSync+Notification.swift in Sources */ = {isa = PBXBuildFile; fileRef = 4843784C1F471C02004C5101 /* DataSync+Notification.swift */; };
		484428F51EC99766008658B8 /* TableStampStorage.swift in Sources */ = {isa = PBXBuildFile; fileRef = 484428F41EC99766008658B8 /* TableStampStorage.swift */; };
		484428F71EC998D0008658B8 /* DataSyncDelegate.swift in Sources */ = {isa = PBXBuildFile; fileRef = 484428F61EC998D0008658B8 /* DataSyncDelegate.swift */; };
		484428F91EC998F0008658B8 /* DataSyncError.swift in Sources */ = {isa = PBXBuildFile; fileRef = 484428F81EC998F0008658B8 /* DataSyncError.swift */; };
		484428FB1EC99922008658B8 /* Sequence+Result.swift in Sources */ = {isa = PBXBuildFile; fileRef = 484428FA1EC99922008658B8 /* Sequence+Result.swift */; };
		484428FD1EC9995E008658B8 /* DataSync+Process.swift in Sources */ = {isa = PBXBuildFile; fileRef = 484428FC1EC9995E008658B8 /* DataSync+Process.swift */; };
		484429011EC999A6008658B8 /* DataSync+Sync.swift in Sources */ = {isa = PBXBuildFile; fileRef = 484429001EC999A6008658B8 /* DataSync+Sync.swift */; };
		484803831EBC768E0094D84C /* DataSync+Preferences.swift in Sources */ = {isa = PBXBuildFile; fileRef = 484803821EBC768E0094D84C /* DataSync+Preferences.swift */; };
		484803851EBC76D70094D84C /* DataSync+Singleton.swift in Sources */ = {isa = PBXBuildFile; fileRef = 484803841EBC76D70094D84C /* DataSync+Singleton.swift */; };
		484803871EBC78680094D84C /* Array+Sync.swift in Sources */ = {isa = PBXBuildFile; fileRef = 484803861EBC78680094D84C /* Array+Sync.swift */; };
		484803A31EBCB2340094D84C /* DataSync+Table.swift in Sources */ = {isa = PBXBuildFile; fileRef = 484803A21EBCB2340094D84C /* DataSync+Table.swift */; };
		484803A51EBCB5C50094D84C /* DataSync+Records.swift in Sources */ = {isa = PBXBuildFile; fileRef = 484803A41EBCB5C50094D84C /* DataSync+Records.swift */; };
		4854D34C23EC6EA000C518B2 /* DataSync+Deletable.swift in Sources */ = {isa = PBXBuildFile; fileRef = 4854D34B23EC6EA000C518B2 /* DataSync+Deletable.swift */; };
		485554901ECAEC85001EE365 /* TableStampStorageTests.swift in Sources */ = {isa = PBXBuildFile; fileRef = 4855548F1ECAEC85001EE365 /* TableStampStorageTests.swift */; };
		485554921ECAEF40001EE365 /* Utils.swift in Sources */ = {isa = PBXBuildFile; fileRef = 485554911ECAEF40001EE365 /* Utils.swift */; };
		485554C11ECAEF68001EE365 /* restcatalogall.json in Resources */ = {isa = PBXBuildFile; fileRef = 485554961ECAEF68001EE365 /* restcatalogall.json */; };
		485554C21ECAEF68001EE365 /* CLIENTS.catalog.json in Resources */ = {isa = PBXBuildFile; fileRef = 485554971ECAEF68001EE365 /* CLIENTS.catalog.json */; };
		485554C31ECAEF68001EE365 /* INVOICES.catalog.json in Resources */ = {isa = PBXBuildFile; fileRef = 485554981ECAEF68001EE365 /* INVOICES.catalog.json */; };
		485554C41ECAEF68001EE365 /* PRODUCTS.catalog.json in Resources */ = {isa = PBXBuildFile; fileRef = 485554991ECAEF68001EE365 /* PRODUCTS.catalog.json */; };
		485554DD1ECAEF68001EE365 /* status.json in Resources */ = {isa = PBXBuildFile; fileRef = 485554B51ECAEF68001EE365 /* status.json */; };
		485554DE1ECAEF68001EE365 /* restcatalog.json in Resources */ = {isa = PBXBuildFile; fileRef = 485554B61ECAEF68001EE365 /* restcatalog.json */; };
		485554E01ECAEF68001EE365 /* restcompute.json in Resources */ = {isa = PBXBuildFile; fileRef = 485554B81ECAEF68001EE365 /* restcompute.json */; };
		485554E11ECAEF68001EE365 /* restinfo.json in Resources */ = {isa = PBXBuildFile; fileRef = 485554B91ECAEF68001EE365 /* restinfo.json */; };
		485554E21ECAEF68001EE365 /* restmethod.json in Resources */ = {isa = PBXBuildFile; fileRef = 485554BA1ECAEF68001EE365 /* restmethod.json */; };
		485554E31ECAEF68001EE365 /* restrecord.json in Resources */ = {isa = PBXBuildFile; fileRef = 485554BB1ECAEF68001EE365 /* restrecord.json */; };
		485554E41ECAEF68001EE365 /* restrecords.json in Resources */ = {isa = PBXBuildFile; fileRef = 485554BC1ECAEF68001EE365 /* restrecords.json */; };
		485554E51ECAEF68001EE365 /* resttable.json in Resources */ = {isa = PBXBuildFile; fileRef = 485554BD1ECAEF68001EE365 /* resttable.json */; };
		485554EA1ECAF04A001EE365 /* Invoices.xcdatamodeld in Sources */ = {isa = PBXBuildFile; fileRef = 485554E81ECAF04A001EE365 /* Invoices.xcdatamodeld */; };
		485554EC1ECAF2E5001EE365 /* RemoteConfig.swift in Sources */ = {isa = PBXBuildFile; fileRef = 485554EB1ECAF2E5001EE365 /* RemoteConfig.swift */; };
		485554F31ECB00D4001EE365 /* DataSync+Combine.swift in Sources */ = {isa = PBXBuildFile; fileRef = 485554F11ECB004C001EE365 /* DataSync+Combine.swift */; };
		485554F51ECB2B71001EE365 /* DataStoreTableStampStorageTests.swift in Sources */ = {isa = PBXBuildFile; fileRef = 485554F41ECB2B71001EE365 /* DataStoreTableStampStorageTests.swift */; };
		48572BBB22144DEA005D1AFC /* Lockable.swift in Sources */ = {isa = PBXBuildFile; fileRef = 48572BBA22144DEA005D1AFC /* Lockable.swift */; };
		48572BBD22145081005D1AFC /* Calendar+Zone.swift in Sources */ = {isa = PBXBuildFile; fileRef = 48572BBC22145081005D1AFC /* Calendar+Zone.swift */; };
		48572BBF22145093005D1AFC /* Date+StartOfDay.swift in Sources */ = {isa = PBXBuildFile; fileRef = 48572BBE22145093005D1AFC /* Date+StartOfDay.swift */; };
		48572BC1221450C1005D1AFC /* PageInfo+Dummy.swift in Sources */ = {isa = PBXBuildFile; fileRef = 48572BC0221450C1005D1AFC /* PageInfo+Dummy.swift */; };
		48572BC2221450FF005D1AFC /* Calendar+Zone.swift in Sources */ = {isa = PBXBuildFile; fileRef = 48572BBC22145081005D1AFC /* Calendar+Zone.swift */; };
		48572BC3221450FF005D1AFC /* Date+StartOfDay.swift in Sources */ = {isa = PBXBuildFile; fileRef = 48572BBE22145093005D1AFC /* Date+StartOfDay.swift */; };
		48572BC4221450FF005D1AFC /* PageInfo+Dummy.swift in Sources */ = {isa = PBXBuildFile; fileRef = 48572BC0221450C1005D1AFC /* PageInfo+Dummy.swift */; };
		48572BC522145102005D1AFC /* Lockable.swift in Sources */ = {isa = PBXBuildFile; fileRef = 48572BBA22144DEA005D1AFC /* Lockable.swift */; };
		48572BC7221454ED005D1AFC /* DataSync+Drop.swift in Sources */ = {isa = PBXBuildFile; fileRef = 48572BC6221454ED005D1AFC /* DataSync+Drop.swift */; };
		485B273722E9DE6400185241 /* DataStoreFieldInfo+Attribute.swift in Sources */ = {isa = PBXBuildFile; fileRef = 485B273622E9DE6400185241 /* DataStoreFieldInfo+Attribute.swift */; };
		485B273A22E9DE8F00185241 /* DataStoreRelationInfo+Attribute.swift in Sources */ = {isa = PBXBuildFile; fileRef = 485B273922E9DE8F00185241 /* DataStoreRelationInfo+Attribute.swift */; };
		486081071F8CBAF500591942 /* DataStoreTableInfo+Table.swift in Sources */ = {isa = PBXBuildFile; fileRef = 486081061F8CBAF500591942 /* DataStoreTableInfo+Table.swift */; };
		486745002021B8050029924D /* NSManagedObject+Importable.swift in Sources */ = {isa = PBXBuildFile; fileRef = 486744FF2021B8050029924D /* NSManagedObject+Importable.swift */; };
		486A22FB1F55B55C00B5A5E6 /* DataStoreContext+Queue.swift in Sources */ = {isa = PBXBuildFile; fileRef = 486A22FA1F55B55C00B5A5E6 /* DataStoreContext+Queue.swift */; };
		486A22FD1F55B68100B5A5E6 /* DataSync+SyncTable.swift in Sources */ = {isa = PBXBuildFile; fileRef = 486A22FC1F55B68100B5A5E6 /* DataSync+SyncTable.swift */; };
		486A22FF1F55B69400B5A5E6 /* DataSync+Init.swift in Sources */ = {isa = PBXBuildFile; fileRef = 486A22FE1F55B69400B5A5E6 /* DataSync+Init.swift */; };
		486A23011F55B74300B5A5E6 /* DispatchQueue+Sync.swift in Sources */ = {isa = PBXBuildFile; fileRef = 486A23001F55B74300B5A5E6 /* DispatchQueue+Sync.swift */; };
		486B24791F56B23700706B92 /* FutureTests.swift in Sources */ = {isa = PBXBuildFile; fileRef = 486B24781F56B23700706B92 /* FutureTests.swift */; };
		487F7FEA1F570C7D0064AF4B /* DataReloadTests.swift in Sources */ = {isa = PBXBuildFile; fileRef = 487F7FE91F570C7D0064AF4B /* DataReloadTests.swift */; };
		489C15DA1F3B42A5004844F3 /* DataSync+Cancellable.swift in Sources */ = {isa = PBXBuildFile; fileRef = 489C15D91F3B42A5004844F3 /* DataSync+Cancellable.swift */; };
		48C55E7D1EB8A09600F9ECAC /* QMobileDataSync.h in Headers */ = {isa = PBXBuildFile; fileRef = 48C55E7B1EB8A09600F9ECAC /* QMobileDataSync.h */; settings = {ATTRIBUTES = (Public, ); }; };
		48C55E8F1EB8A48300F9ECAC /* ObjcExceptionBridging.framework in Frameworks */ = {isa = PBXBuildFile; fileRef = 48C55E881EB8A48300F9ECAC /* ObjcExceptionBridging.framework */; };
		48C55E901EB8A48300F9ECAC /* Prephirences.framework in Frameworks */ = {isa = PBXBuildFile; fileRef = 48C55E891EB8A48300F9ECAC /* Prephirences.framework */; };
		48C55E911EB8A48300F9ECAC /* QMobileAPI.framework in Frameworks */ = {isa = PBXBuildFile; fileRef = 48C55E8A1EB8A48300F9ECAC /* QMobileAPI.framework */; };
		48C55E921EB8A48300F9ECAC /* QMobileDataStore.framework in Frameworks */ = {isa = PBXBuildFile; fileRef = 48C55E8B1EB8A48300F9ECAC /* QMobileDataStore.framework */; };
		48C55E941EB8A48300F9ECAC /* SwiftyJSON.framework in Frameworks */ = {isa = PBXBuildFile; fileRef = 48C55E8D1EB8A48300F9ECAC /* SwiftyJSON.framework */; };
		48C55E951EB8A48300F9ECAC /* XCGLogger.framework in Frameworks */ = {isa = PBXBuildFile; fileRef = 48C55E8E1EB8A48300F9ECAC /* XCGLogger.framework */; };
		48C55E9D1EB8A4A100F9ECAC /* DataSyncTests.swift in Sources */ = {isa = PBXBuildFile; fileRef = 48C55E9C1EB8A4A100F9ECAC /* DataSyncTests.swift */; };
		48C55E9F1EB8A4A100F9ECAC /* QMobileDataSync.framework in Frameworks */ = {isa = PBXBuildFile; fileRef = 48C55E781EB8A09600F9ECAC /* QMobileDataSync.framework */; };
		48CD5F6524E6825D001D367F /* Dictionary+KeyPath.swift in Sources */ = {isa = PBXBuildFile; fileRef = 48FF5C5724E57CA70099B94D /* Dictionary+KeyPath.swift */; };
		48DB1F5621ABEA6B00B97E26 /* QMobileDataSyncMacOS.h in Headers */ = {isa = PBXBuildFile; fileRef = 48DB1F5421ABEA6B00B97E26 /* QMobileDataSyncMacOS.h */; settings = {ATTRIBUTES = (Public, ); }; };
		48DB1F5A21ABEA7B00B97E26 /* DataSync.swift in Sources */ = {isa = PBXBuildFile; fileRef = 4837277D1EB8A8DF0060B064 /* DataSync.swift */; };
		48DB1F5B21ABEA7B00B97E26 /* DataSync+Init.swift in Sources */ = {isa = PBXBuildFile; fileRef = 486A22FE1F55B69400B5A5E6 /* DataSync+Init.swift */; };
		48DB1F5C21ABEA7B00B97E26 /* DataSync+Sync.swift in Sources */ = {isa = PBXBuildFile; fileRef = 484429001EC999A6008658B8 /* DataSync+Sync.swift */; };
		48DB1F5E21ABEA7B00B97E26 /* DataSync+SyncTable.swift in Sources */ = {isa = PBXBuildFile; fileRef = 486A22FC1F55B68100B5A5E6 /* DataSync+SyncTable.swift */; };
		48DB1F5F21ABEA7B00B97E26 /* DataSync+Process.swift in Sources */ = {isa = PBXBuildFile; fileRef = 484428FC1EC9995E008658B8 /* DataSync+Process.swift */; };
		48DB1F6021ABEA7B00B97E26 /* DataSync+Cancellable.swift in Sources */ = {isa = PBXBuildFile; fileRef = 489C15D91F3B42A5004844F3 /* DataSync+Cancellable.swift */; };
		48DB1F6121ABEA7B00B97E26 /* DataSync+Singleton.swift in Sources */ = {isa = PBXBuildFile; fileRef = 484803841EBC76D70094D84C /* DataSync+Singleton.swift */; };
		48DB1F6221ABEA7B00B97E26 /* DataSyncError.swift in Sources */ = {isa = PBXBuildFile; fileRef = 484428F81EC998F0008658B8 /* DataSyncError.swift */; };
		48DB1F6321ABEA7B00B97E26 /* DataSyncDelegate.swift in Sources */ = {isa = PBXBuildFile; fileRef = 484428F61EC998D0008658B8 /* DataSyncDelegate.swift */; };
		48DB1F6421ABEA7B00B97E26 /* DataSync+Notification.swift in Sources */ = {isa = PBXBuildFile; fileRef = 4843784C1F471C02004C5101 /* DataSync+Notification.swift */; };
		48DB1F6521ABEA7B00B97E26 /* DataSync+Cache.swift in Sources */ = {isa = PBXBuildFile; fileRef = 481EDC721F4C568F00E97960 /* DataSync+Cache.swift */; };
		48DB1F6621ABEA7B00B97E26 /* DataSync+Dump.swift in Sources */ = {isa = PBXBuildFile; fileRef = 4811229B1F682001001EE34E /* DataSync+Dump.swift */; };
		48DB1F6721ABEA7F00B97E26 /* TableStampStorage.swift in Sources */ = {isa = PBXBuildFile; fileRef = 484428F41EC99766008658B8 /* TableStampStorage.swift */; };
		48DB1F6821ABEA7F00B97E26 /* DataSync+Table.swift in Sources */ = {isa = PBXBuildFile; fileRef = 484803A21EBCB2340094D84C /* DataSync+Table.swift */; };
		48DB1F6921ABEA7F00B97E26 /* DataSync+Records.swift in Sources */ = {isa = PBXBuildFile; fileRef = 484803A41EBCB5C50094D84C /* DataSync+Records.swift */; };
		48DB1F6A21ABEA7F00B97E26 /* DataStoreTableInfo+Table.swift in Sources */ = {isa = PBXBuildFile; fileRef = 486081061F8CBAF500591942 /* DataStoreTableInfo+Table.swift */; };
		48DB1F6B21ABEA8300B97E26 /* DataSync+Preferences.swift in Sources */ = {isa = PBXBuildFile; fileRef = 484803821EBC768E0094D84C /* DataSync+Preferences.swift */; };
		48DB1F6C21ABEA8800B97E26 /* NSManagedObject+Importable.swift in Sources */ = {isa = PBXBuildFile; fileRef = 486744FF2021B8050029924D /* NSManagedObject+Importable.swift */; };
		48DB1F6D21ABEA8800B97E26 /* Array+Sync.swift in Sources */ = {isa = PBXBuildFile; fileRef = 484803861EBC78680094D84C /* Array+Sync.swift */; };
		48DB1F6E21ABEA8800B97E26 /* Sequence+Result.swift in Sources */ = {isa = PBXBuildFile; fileRef = 484428FA1EC99922008658B8 /* Sequence+Result.swift */; };
		48DB1F6F21ABEA8800B97E26 /* DataStoreContext+Queue.swift in Sources */ = {isa = PBXBuildFile; fileRef = 486A22FA1F55B55C00B5A5E6 /* DataStoreContext+Queue.swift */; };
		48DB1F7021ABEA8800B97E26 /* DispatchQueue+Sync.swift in Sources */ = {isa = PBXBuildFile; fileRef = 486A23001F55B74300B5A5E6 /* DispatchQueue+Sync.swift */; };
		48DB1F7321ABEA8D00B97E26 /* DataSync+Combine.swift in Sources */ = {isa = PBXBuildFile; fileRef = 485554F11ECB004C001EE365 /* DataSync+Combine.swift */; };
		48DB1F7521ABEA9000B97E26 /* Localizable.strings in Resources */ = {isa = PBXBuildFile; fileRef = 481EDC7A1F4C72BF00E97960 /* Localizable.strings */; };
		48DB1F7721ABEB1000B97E26 /* ObjcExceptionBridging.framework in Frameworks */ = {isa = PBXBuildFile; fileRef = 482259D31F5EC4DF00BB2A87 /* ObjcExceptionBridging.framework */; };
		48DB1F7821ABEB1000B97E26 /* XCGLogger.framework in Frameworks */ = {isa = PBXBuildFile; fileRef = 482259D21F5EC4D600BB2A87 /* XCGLogger.framework */; };
		48DB1F7A21ABEB1000B97E26 /* SwiftyJSON.framework in Frameworks */ = {isa = PBXBuildFile; fileRef = 483EF6171EF940F700C11B5E /* SwiftyJSON.framework */; };
		48DB1F7B21ABEB1000B97E26 /* Alamofire.framework in Frameworks */ = {isa = PBXBuildFile; fileRef = 483EF6121EF9401E00C11B5E /* Alamofire.framework */; };
		48DB1F7D21ABEB1000B97E26 /* Moya.framework in Frameworks */ = {isa = PBXBuildFile; fileRef = 483EF6141EF9401E00C11B5E /* Moya.framework */; };
		48DB1F7E21ABEB1000B97E26 /* Prephirences.framework in Frameworks */ = {isa = PBXBuildFile; fileRef = 483EF6151EF9401E00C11B5E /* Prephirences.framework */; };
		48DB1F8021ABEBE700B97E26 /* FileKit.framework in Frameworks */ = {isa = PBXBuildFile; fileRef = 481BFB791F4F27FD007B77C8 /* FileKit.framework */; };
		48DB1F8221ABEC3A00B97E26 /* QMobileAPI.framework in Frameworks */ = {isa = PBXBuildFile; fileRef = 48DB1F8121ABEC3900B97E26 /* QMobileAPI.framework */; };
		48DB1F8421ABECDE00B97E26 /* QMobileDataStore.framework in Frameworks */ = {isa = PBXBuildFile; fileRef = 48DB1F8321ABECDE00B97E26 /* QMobileDataStore.framework */; };
		48FBBFB01F554C2100E920B6 /* ServerStatusTests.swift in Sources */ = {isa = PBXBuildFile; fileRef = 48FBBFAF1F554C2100E920B6 /* ServerStatusTests.swift */; };
		48FF5C4524E56E730099B94D /* DataStoreMapping.swift in Sources */ = {isa = PBXBuildFile; fileRef = 48FF5C2B24E56E730099B94D /* DataStoreMapping.swift */; };
		48FF5C4624E56E730099B94D /* DataStoreRelationship.swift in Sources */ = {isa = PBXBuildFile; fileRef = 48FF5C2D24E56E730099B94D /* DataStoreRelationship.swift */; };
		48FF5C4724E56E730099B94D /* DataStoreProperty.swift in Sources */ = {isa = PBXBuildFile; fileRef = 48FF5C2E24E56E730099B94D /* DataStoreProperty.swift */; };
		48FF5C4824E56E730099B94D /* DataStoreAttribute.swift in Sources */ = {isa = PBXBuildFile; fileRef = 48FF5C2F24E56E730099B94D /* DataStoreAttribute.swift */; };
		48FF5C4A24E56E730099B94D /* DataStoreObjectCache+CoreData.swift in Sources */ = {isa = PBXBuildFile; fileRef = 48FF5C3324E56E730099B94D /* DataStoreObjectCache+CoreData.swift */; };
		48FF5C4B24E56E730099B94D /* DataStoreObjectCache.swift in Sources */ = {isa = PBXBuildFile; fileRef = 48FF5C3424E56E730099B94D /* DataStoreObjectCache.swift */; };
		48FF5C4D24E56E730099B94D /* DataStoreObjectTransaction.swift in Sources */ = {isa = PBXBuildFile; fileRef = 48FF5C3624E56E730099B94D /* DataStoreObjectTransaction.swift */; };
		48FF5C4E24E56E730099B94D /* DataStoreManagedObjectTransaction.swift in Sources */ = {isa = PBXBuildFile; fileRef = 48FF5C3724E56E730099B94D /* DataStoreManagedObjectTransaction.swift */; };
		48FF5C4F24E56E730099B94D /* DataStoreMergeableCollection.swift in Sources */ = {isa = PBXBuildFile; fileRef = 48FF5C3924E56E730099B94D /* DataStoreMergeableCollection.swift */; };
		48FF5C5024E56E730099B94D /* DataStoreExcludableCollection.swift in Sources */ = {isa = PBXBuildFile; fileRef = 48FF5C3A24E56E730099B94D /* DataStoreExcludableCollection.swift */; };
		48FF5C5224E56E730099B94D /* DataStoreDeserializer.swift in Sources */ = {isa = PBXBuildFile; fileRef = 48FF5C3D24E56E730099B94D /* DataStoreDeserializer.swift */; };
		48FF5C5324E56E730099B94D /* DataStoreRepresentationUtility.swift in Sources */ = {isa = PBXBuildFile; fileRef = 48FF5C3F24E56E730099B94D /* DataStoreRepresentationUtility.swift */; };
		48FF5C5424E56E730099B94D /* DataStoreRelationshipAssignmentContext.swift in Sources */ = {isa = PBXBuildFile; fileRef = 48FF5C4124E56E730099B94D /* DataStoreRelationshipAssignmentContext.swift */; };
		48FF5C5524E56E730099B94D /* DataStoreAssignmentPolicy.swift in Sources */ = {isa = PBXBuildFile; fileRef = 48FF5C4224E56E730099B94D /* DataStoreAssignmentPolicy.swift */; };
		48FF5C5624E56E730099B94D /* ObjectRef.swift in Sources */ = {isa = PBXBuildFile; fileRef = 48FF5C4424E56E730099B94D /* ObjectRef.swift */; };
		48FF5C5824E57CA70099B94D /* Dictionary+KeyPath.swift in Sources */ = {isa = PBXBuildFile; fileRef = 48FF5C5724E57CA70099B94D /* Dictionary+KeyPath.swift */; };
		C4495C352599EB62003FC4B0 /* DataSync+SyncRecord.swift in Sources */ = {isa = PBXBuildFile; fileRef = C4495C342599EB62003FC4B0 /* DataSync+SyncRecord.swift */; };
		C4495C362599EB62003FC4B0 /* DataSync+SyncRecord.swift in Sources */ = {isa = PBXBuildFile; fileRef = C4495C342599EB62003FC4B0 /* DataSync+SyncRecord.swift */; };
		C5EFDC4922F1E4420094A0B4 /* CLIENTS(2).json in Resources */ = {isa = PBXBuildFile; fileRef = C5EFDC3E22F1E4410094A0B4 /* CLIENTS(2).json */; };
		C5EFDC4B22F1E4420094A0B4 /* PRODUCTS.json in Resources */ = {isa = PBXBuildFile; fileRef = C5EFDC4022F1E4410094A0B4 /* PRODUCTS.json */; };
		C5EFDC4D22F1E4420094A0B4 /* INVOICES.json in Resources */ = {isa = PBXBuildFile; fileRef = C5EFDC4222F1E4410094A0B4 /* INVOICES.json */; };
		C5EFDC4F22F1E4420094A0B4 /* PRODUCTS.data.json in Resources */ = {isa = PBXBuildFile; fileRef = C5EFDC4422F1E4410094A0B4 /* PRODUCTS.data.json */; };
		C5EFDC5022F1E4420094A0B4 /* CLIENTS_100.json in Resources */ = {isa = PBXBuildFile; fileRef = C5EFDC4522F1E4410094A0B4 /* CLIENTS_100.json */; };
		C5EFDC5122F1E4420094A0B4 /* CLIENTS.json in Resources */ = {isa = PBXBuildFile; fileRef = C5EFDC4622F1E4420094A0B4 /* CLIENTS.json */; };
		C5EFDC5222F1E4420094A0B4 /* __DeletedRecords.json in Resources */ = {isa = PBXBuildFile; fileRef = C5EFDC4722F1E4420094A0B4 /* __DeletedRecords.json */; };
/* End PBXBuildFile section */

/* Begin PBXContainerItemProxy section */
		48C55EA01EB8A4A100F9ECAC /* PBXContainerItemProxy */ = {
			isa = PBXContainerItemProxy;
			containerPortal = 48C55E6F1EB8A09600F9ECAC /* Project object */;
			proxyType = 1;
			remoteGlobalIDString = 48C55E771EB8A09600F9ECAC;
			remoteInfo = QMobileDataSync;
		};
/* End PBXContainerItemProxy section */

/* Begin PBXFileReference section */
		4811229B1F682001001EE34E /* DataSync+Dump.swift */ = {isa = PBXFileReference; fileEncoding = 4; lastKnownFileType = sourcecode.swift; path = "DataSync+Dump.swift"; sourceTree = "<group>"; };
		4811229D1F682888001EE34E /* DataDumpTests.swift */ = {isa = PBXFileReference; fileEncoding = 4; lastKnownFileType = sourcecode.swift; path = DataDumpTests.swift; sourceTree = "<group>"; };
		481BFB771F4F1C1F007B77C8 /* FileKit.framework */ = {isa = PBXFileReference; lastKnownFileType = wrapper.framework; name = FileKit.framework; path = Carthage/Build/iOS/FileKit.framework; sourceTree = "<group>"; };
		481BFB791F4F27FD007B77C8 /* FileKit.framework */ = {isa = PBXFileReference; lastKnownFileType = wrapper.framework; name = FileKit.framework; path = Carthage/Build/Mac/FileKit.framework; sourceTree = "<group>"; };
		481EDC721F4C568F00E97960 /* DataSync+Cache.swift */ = {isa = PBXFileReference; fileEncoding = 4; lastKnownFileType = sourcecode.swift; path = "DataSync+Cache.swift"; sourceTree = "<group>"; };
		481EDC761F4C724500E97960 /* LocalizableTests.swift */ = {isa = PBXFileReference; fileEncoding = 4; lastKnownFileType = sourcecode.swift; path = LocalizableTests.swift; sourceTree = "<group>"; };
		481EDC791F4C72BF00E97960 /* en */ = {isa = PBXFileReference; lastKnownFileType = text.plist.strings; name = en; path = en.lproj/Localizable.strings; sourceTree = "<group>"; };
		482259CD1F5EA3CD00BB2A87 /* DeviceKit.framework */ = {isa = PBXFileReference; lastKnownFileType = wrapper.framework; name = DeviceKit.framework; path = Carthage/Build/iOS/DeviceKit.framework; sourceTree = "<group>"; };
		482259D21F5EC4D600BB2A87 /* XCGLogger.framework */ = {isa = PBXFileReference; lastKnownFileType = wrapper.framework; name = XCGLogger.framework; path = Carthage/Build/Mac/XCGLogger.framework; sourceTree = "<group>"; };
		482259D31F5EC4DF00BB2A87 /* ObjcExceptionBridging.framework */ = {isa = PBXFileReference; lastKnownFileType = wrapper.framework; name = ObjcExceptionBridging.framework; path = Carthage/Build/Mac/ObjcExceptionBridging.framework; sourceTree = "<group>"; };
		4837277D1EB8A8DF0060B064 /* DataSync.swift */ = {isa = PBXFileReference; fileEncoding = 4; lastKnownFileType = sourcecode.swift; path = DataSync.swift; sourceTree = "<group>"; };
		4837277F1EB8AD940060B064 /* Moya.framework */ = {isa = PBXFileReference; lastKnownFileType = wrapper.framework; name = Moya.framework; path = Carthage/Build/iOS/Moya.framework; sourceTree = "<group>"; };
		483727831EB8ADAE0060B064 /* Alamofire.framework */ = {isa = PBXFileReference; lastKnownFileType = wrapper.framework; name = Alamofire.framework; path = Carthage/Build/iOS/Alamofire.framework; sourceTree = "<group>"; };
		483EF60E1EF925BB00C11B5E /* DataStoreIntegrationTests.swift */ = {isa = PBXFileReference; fileEncoding = 4; lastKnownFileType = sourcecode.swift; path = DataStoreIntegrationTests.swift; sourceTree = "<group>"; };
		483EF6121EF9401E00C11B5E /* Alamofire.framework */ = {isa = PBXFileReference; lastKnownFileType = wrapper.framework; name = Alamofire.framework; path = Carthage/Build/Mac/Alamofire.framework; sourceTree = "<group>"; };
		483EF6131EF9401E00C11B5E /* BrightFutures.framework */ = {isa = PBXFileReference; lastKnownFileType = wrapper.framework; name = BrightFutures.framework; path = Carthage/Build/Mac/BrightFutures.framework; sourceTree = "<group>"; };
		483EF6141EF9401E00C11B5E /* Moya.framework */ = {isa = PBXFileReference; lastKnownFileType = wrapper.framework; name = Moya.framework; path = Carthage/Build/Mac/Moya.framework; sourceTree = "<group>"; };
		483EF6151EF9401E00C11B5E /* Prephirences.framework */ = {isa = PBXFileReference; lastKnownFileType = wrapper.framework; name = Prephirences.framework; path = Carthage/Build/Mac/Prephirences.framework; sourceTree = "<group>"; };
		483EF6171EF940F700C11B5E /* SwiftyJSON.framework */ = {isa = PBXFileReference; lastKnownFileType = wrapper.framework; name = SwiftyJSON.framework; path = Carthage/Build/Mac/SwiftyJSON.framework; sourceTree = "<group>"; };
		4843784C1F471C02004C5101 /* DataSync+Notification.swift */ = {isa = PBXFileReference; fileEncoding = 4; lastKnownFileType = sourcecode.swift; path = "DataSync+Notification.swift"; sourceTree = "<group>"; };
		484428F41EC99766008658B8 /* TableStampStorage.swift */ = {isa = PBXFileReference; fileEncoding = 4; lastKnownFileType = sourcecode.swift; path = TableStampStorage.swift; sourceTree = "<group>"; };
		484428F61EC998D0008658B8 /* DataSyncDelegate.swift */ = {isa = PBXFileReference; fileEncoding = 4; lastKnownFileType = sourcecode.swift; path = DataSyncDelegate.swift; sourceTree = "<group>"; };
		484428F81EC998F0008658B8 /* DataSyncError.swift */ = {isa = PBXFileReference; fileEncoding = 4; lastKnownFileType = sourcecode.swift; path = DataSyncError.swift; sourceTree = "<group>"; };
		484428FA1EC99922008658B8 /* Sequence+Result.swift */ = {isa = PBXFileReference; fileEncoding = 4; lastKnownFileType = sourcecode.swift; path = "Sequence+Result.swift"; sourceTree = "<group>"; };
		484428FC1EC9995E008658B8 /* DataSync+Process.swift */ = {isa = PBXFileReference; fileEncoding = 4; lastKnownFileType = sourcecode.swift; path = "DataSync+Process.swift"; sourceTree = "<group>"; };
		484429001EC999A6008658B8 /* DataSync+Sync.swift */ = {isa = PBXFileReference; fileEncoding = 4; lastKnownFileType = sourcecode.swift; path = "DataSync+Sync.swift"; sourceTree = "<group>"; };
		484803821EBC768E0094D84C /* DataSync+Preferences.swift */ = {isa = PBXFileReference; fileEncoding = 4; lastKnownFileType = sourcecode.swift; path = "DataSync+Preferences.swift"; sourceTree = "<group>"; };
		484803841EBC76D70094D84C /* DataSync+Singleton.swift */ = {isa = PBXFileReference; fileEncoding = 4; lastKnownFileType = sourcecode.swift; path = "DataSync+Singleton.swift"; sourceTree = "<group>"; };
		484803861EBC78680094D84C /* Array+Sync.swift */ = {isa = PBXFileReference; fileEncoding = 4; lastKnownFileType = sourcecode.swift; path = "Array+Sync.swift"; sourceTree = "<group>"; };
		484803A21EBCB2340094D84C /* DataSync+Table.swift */ = {isa = PBXFileReference; fileEncoding = 4; lastKnownFileType = sourcecode.swift; path = "DataSync+Table.swift"; sourceTree = "<group>"; };
		484803A41EBCB5C50094D84C /* DataSync+Records.swift */ = {isa = PBXFileReference; fileEncoding = 4; lastKnownFileType = sourcecode.swift; path = "DataSync+Records.swift"; sourceTree = "<group>"; };
		4854D34B23EC6EA000C518B2 /* DataSync+Deletable.swift */ = {isa = PBXFileReference; lastKnownFileType = sourcecode.swift; path = "DataSync+Deletable.swift"; sourceTree = "<group>"; };
		4855548F1ECAEC85001EE365 /* TableStampStorageTests.swift */ = {isa = PBXFileReference; fileEncoding = 4; lastKnownFileType = sourcecode.swift; path = TableStampStorageTests.swift; sourceTree = "<group>"; };
		485554911ECAEF40001EE365 /* Utils.swift */ = {isa = PBXFileReference; fileEncoding = 4; lastKnownFileType = sourcecode.swift; path = Utils.swift; sourceTree = "<group>"; };
		485554961ECAEF68001EE365 /* restcatalogall.json */ = {isa = PBXFileReference; fileEncoding = 4; lastKnownFileType = text.json; name = restcatalogall.json; path = ../Catalog/restcatalogall.json; sourceTree = "<group>"; };
		485554971ECAEF68001EE365 /* CLIENTS.catalog.json */ = {isa = PBXFileReference; fileEncoding = 4; lastKnownFileType = text.json; path = CLIENTS.catalog.json; sourceTree = "<group>"; };
		485554981ECAEF68001EE365 /* INVOICES.catalog.json */ = {isa = PBXFileReference; fileEncoding = 4; lastKnownFileType = text.json; path = INVOICES.catalog.json; sourceTree = "<group>"; };
		485554991ECAEF68001EE365 /* PRODUCTS.catalog.json */ = {isa = PBXFileReference; fileEncoding = 4; lastKnownFileType = text.json; path = PRODUCTS.catalog.json; sourceTree = "<group>"; };
		485554B51ECAEF68001EE365 /* status.json */ = {isa = PBXFileReference; fileEncoding = 4; lastKnownFileType = text.json; path = status.json; sourceTree = "<group>"; };
		485554B61ECAEF68001EE365 /* restcatalog.json */ = {isa = PBXFileReference; fileEncoding = 4; lastKnownFileType = text.json; path = restcatalog.json; sourceTree = "<group>"; };
		485554B81ECAEF68001EE365 /* restcompute.json */ = {isa = PBXFileReference; fileEncoding = 4; lastKnownFileType = text.json; path = restcompute.json; sourceTree = "<group>"; };
		485554B91ECAEF68001EE365 /* restinfo.json */ = {isa = PBXFileReference; fileEncoding = 4; lastKnownFileType = text.json; path = restinfo.json; sourceTree = "<group>"; };
		485554BA1ECAEF68001EE365 /* restmethod.json */ = {isa = PBXFileReference; fileEncoding = 4; lastKnownFileType = text.json; path = restmethod.json; sourceTree = "<group>"; };
		485554BB1ECAEF68001EE365 /* restrecord.json */ = {isa = PBXFileReference; fileEncoding = 4; lastKnownFileType = text.json; path = restrecord.json; sourceTree = "<group>"; };
		485554BC1ECAEF68001EE365 /* restrecords.json */ = {isa = PBXFileReference; fileEncoding = 4; lastKnownFileType = text.json; path = restrecords.json; sourceTree = "<group>"; };
		485554BD1ECAEF68001EE365 /* resttable.json */ = {isa = PBXFileReference; fileEncoding = 4; lastKnownFileType = text.json; path = resttable.json; sourceTree = "<group>"; };
		485554E91ECAF04A001EE365 /* Invoices.xcdatamodel */ = {isa = PBXFileReference; lastKnownFileType = wrapper.xcdatamodel; path = Invoices.xcdatamodel; sourceTree = "<group>"; };
		485554EB1ECAF2E5001EE365 /* RemoteConfig.swift */ = {isa = PBXFileReference; fileEncoding = 4; lastKnownFileType = sourcecode.swift; path = RemoteConfig.swift; sourceTree = "<group>"; };
		485554F11ECB004C001EE365 /* DataSync+Combine.swift */ = {isa = PBXFileReference; fileEncoding = 4; lastKnownFileType = sourcecode.swift; path = "DataSync+Combine.swift"; sourceTree = "<group>"; };
		485554F41ECB2B71001EE365 /* DataStoreTableStampStorageTests.swift */ = {isa = PBXFileReference; fileEncoding = 4; lastKnownFileType = sourcecode.swift; path = DataStoreTableStampStorageTests.swift; sourceTree = "<group>"; };
		48572BBA22144DEA005D1AFC /* Lockable.swift */ = {isa = PBXFileReference; lastKnownFileType = sourcecode.swift; path = Lockable.swift; sourceTree = "<group>"; };
		48572BBC22145081005D1AFC /* Calendar+Zone.swift */ = {isa = PBXFileReference; lastKnownFileType = sourcecode.swift; path = "Calendar+Zone.swift"; sourceTree = "<group>"; };
		48572BBE22145093005D1AFC /* Date+StartOfDay.swift */ = {isa = PBXFileReference; lastKnownFileType = sourcecode.swift; path = "Date+StartOfDay.swift"; sourceTree = "<group>"; };
		48572BC0221450C1005D1AFC /* PageInfo+Dummy.swift */ = {isa = PBXFileReference; lastKnownFileType = sourcecode.swift; path = "PageInfo+Dummy.swift"; sourceTree = "<group>"; };
		48572BC6221454ED005D1AFC /* DataSync+Drop.swift */ = {isa = PBXFileReference; lastKnownFileType = sourcecode.swift; path = "DataSync+Drop.swift"; sourceTree = "<group>"; };
		485B273622E9DE6400185241 /* DataStoreFieldInfo+Attribute.swift */ = {isa = PBXFileReference; lastKnownFileType = sourcecode.swift; path = "DataStoreFieldInfo+Attribute.swift"; sourceTree = "<group>"; };
		485B273922E9DE8F00185241 /* DataStoreRelationInfo+Attribute.swift */ = {isa = PBXFileReference; lastKnownFileType = sourcecode.swift; path = "DataStoreRelationInfo+Attribute.swift"; sourceTree = "<group>"; };
		486081061F8CBAF500591942 /* DataStoreTableInfo+Table.swift */ = {isa = PBXFileReference; lastKnownFileType = sourcecode.swift; path = "DataStoreTableInfo+Table.swift"; sourceTree = "<group>"; };
		4865B1A91EC1B7BF00085634 /* Cartfile */ = {isa = PBXFileReference; lastKnownFileType = text; path = Cartfile; sourceTree = "<group>"; };
		4865B1AA1EC1BA3100085634 /* BrightFutures.framework */ = {isa = PBXFileReference; lastKnownFileType = wrapper.framework; name = BrightFutures.framework; path = Carthage/Build/iOS/BrightFutures.framework; sourceTree = "<group>"; };
		486744FF2021B8050029924D /* NSManagedObject+Importable.swift */ = {isa = PBXFileReference; fileEncoding = 4; lastKnownFileType = sourcecode.swift; path = "NSManagedObject+Importable.swift"; sourceTree = "<group>"; };
		486A22FA1F55B55C00B5A5E6 /* DataStoreContext+Queue.swift */ = {isa = PBXFileReference; fileEncoding = 4; lastKnownFileType = sourcecode.swift; path = "DataStoreContext+Queue.swift"; sourceTree = "<group>"; };
		486A22FC1F55B68100B5A5E6 /* DataSync+SyncTable.swift */ = {isa = PBXFileReference; fileEncoding = 4; lastKnownFileType = sourcecode.swift; path = "DataSync+SyncTable.swift"; sourceTree = "<group>"; };
		486A22FE1F55B69400B5A5E6 /* DataSync+Init.swift */ = {isa = PBXFileReference; fileEncoding = 4; lastKnownFileType = sourcecode.swift; path = "DataSync+Init.swift"; sourceTree = "<group>"; };
		486A23001F55B74300B5A5E6 /* DispatchQueue+Sync.swift */ = {isa = PBXFileReference; fileEncoding = 4; lastKnownFileType = sourcecode.swift; path = "DispatchQueue+Sync.swift"; sourceTree = "<group>"; };
		486B24781F56B23700706B92 /* FutureTests.swift */ = {isa = PBXFileReference; fileEncoding = 4; lastKnownFileType = sourcecode.swift; path = FutureTests.swift; sourceTree = "<group>"; };
		487F7FE91F570C7D0064AF4B /* DataReloadTests.swift */ = {isa = PBXFileReference; fileEncoding = 4; lastKnownFileType = sourcecode.swift; path = DataReloadTests.swift; sourceTree = "<group>"; };
		489C15D91F3B42A5004844F3 /* DataSync+Cancellable.swift */ = {isa = PBXFileReference; fileEncoding = 4; lastKnownFileType = sourcecode.swift; path = "DataSync+Cancellable.swift"; sourceTree = "<group>"; };
		48B0B2DF1F444923008F5EB1 /* Cartfile.resolved */ = {isa = PBXFileReference; lastKnownFileType = text; path = Cartfile.resolved; sourceTree = "<group>"; };
		48C55E781EB8A09600F9ECAC /* QMobileDataSync.framework */ = {isa = PBXFileReference; explicitFileType = wrapper.framework; includeInIndex = 0; path = QMobileDataSync.framework; sourceTree = BUILT_PRODUCTS_DIR; };
		48C55E7B1EB8A09600F9ECAC /* QMobileDataSync.h */ = {isa = PBXFileReference; lastKnownFileType = sourcecode.c.h; path = QMobileDataSync.h; sourceTree = "<group>"; };
		48C55E7C1EB8A09600F9ECAC /* Info.plist */ = {isa = PBXFileReference; lastKnownFileType = text.plist.xml; path = Info.plist; sourceTree = "<group>"; };
		48C55E881EB8A48300F9ECAC /* ObjcExceptionBridging.framework */ = {isa = PBXFileReference; lastKnownFileType = wrapper.framework; name = ObjcExceptionBridging.framework; path = Carthage/Build/iOS/ObjcExceptionBridging.framework; sourceTree = "<group>"; };
		48C55E891EB8A48300F9ECAC /* Prephirences.framework */ = {isa = PBXFileReference; lastKnownFileType = wrapper.framework; name = Prephirences.framework; path = Carthage/Build/iOS/Prephirences.framework; sourceTree = "<group>"; };
		48C55E8A1EB8A48300F9ECAC /* QMobileAPI.framework */ = {isa = PBXFileReference; lastKnownFileType = wrapper.framework; name = QMobileAPI.framework; path = Carthage/Build/iOS/QMobileAPI.framework; sourceTree = "<group>"; };
		48C55E8B1EB8A48300F9ECAC /* QMobileDataStore.framework */ = {isa = PBXFileReference; lastKnownFileType = wrapper.framework; name = QMobileDataStore.framework; path = Carthage/Build/iOS/QMobileDataStore.framework; sourceTree = "<group>"; };
		48C55E8D1EB8A48300F9ECAC /* SwiftyJSON.framework */ = {isa = PBXFileReference; lastKnownFileType = wrapper.framework; name = SwiftyJSON.framework; path = Carthage/Build/iOS/SwiftyJSON.framework; sourceTree = "<group>"; };
		48C55E8E1EB8A48300F9ECAC /* XCGLogger.framework */ = {isa = PBXFileReference; lastKnownFileType = wrapper.framework; name = XCGLogger.framework; path = Carthage/Build/iOS/XCGLogger.framework; sourceTree = "<group>"; };
		48C55E9A1EB8A4A100F9ECAC /* Tests.xctest */ = {isa = PBXFileReference; explicitFileType = wrapper.cfbundle; includeInIndex = 0; path = Tests.xctest; sourceTree = BUILT_PRODUCTS_DIR; };
		48C55E9C1EB8A4A100F9ECAC /* DataSyncTests.swift */ = {isa = PBXFileReference; lastKnownFileType = sourcecode.swift; path = DataSyncTests.swift; sourceTree = "<group>"; };
		48C55E9E1EB8A4A100F9ECAC /* Info.plist */ = {isa = PBXFileReference; lastKnownFileType = text.plist.xml; path = Info.plist; sourceTree = "<group>"; };
		48DB1F5221ABEA6B00B97E26 /* QMobileDataSync.framework */ = {isa = PBXFileReference; explicitFileType = wrapper.framework; includeInIndex = 0; path = QMobileDataSync.framework; sourceTree = BUILT_PRODUCTS_DIR; };
		48DB1F5421ABEA6B00B97E26 /* QMobileDataSyncMacOS.h */ = {isa = PBXFileReference; lastKnownFileType = sourcecode.c.h; path = QMobileDataSyncMacOS.h; sourceTree = "<group>"; };
		48DB1F5521ABEA6B00B97E26 /* Info.plist */ = {isa = PBXFileReference; lastKnownFileType = text.plist.xml; path = Info.plist; sourceTree = "<group>"; };
		48DB1F8121ABEC3900B97E26 /* QMobileAPI.framework */ = {isa = PBXFileReference; lastKnownFileType = wrapper.framework; name = QMobileAPI.framework; path = Carthage/Build/Mac/QMobileAPI.framework; sourceTree = "<group>"; };
		48DB1F8321ABECDE00B97E26 /* QMobileDataStore.framework */ = {isa = PBXFileReference; lastKnownFileType = wrapper.framework; name = QMobileDataStore.framework; path = Carthage/Build/Mac/QMobileDataStore.framework; sourceTree = "<group>"; };
		48EB167122F8633C006238B6 /* README.md */ = {isa = PBXFileReference; lastKnownFileType = net.daringfireball.markdown; path = README.md; sourceTree = "<group>"; };
		48EB167222F8643D006238B6 /* README.md */ = {isa = PBXFileReference; lastKnownFileType = net.daringfireball.markdown; path = README.md; sourceTree = "<group>"; };
		48FBBFAF1F554C2100E920B6 /* ServerStatusTests.swift */ = {isa = PBXFileReference; fileEncoding = 4; lastKnownFileType = sourcecode.swift; path = ServerStatusTests.swift; sourceTree = "<group>"; };
		48FF5C2B24E56E730099B94D /* DataStoreMapping.swift */ = {isa = PBXFileReference; fileEncoding = 4; lastKnownFileType = sourcecode.swift; path = DataStoreMapping.swift; sourceTree = "<group>"; };
		48FF5C2D24E56E730099B94D /* DataStoreRelationship.swift */ = {isa = PBXFileReference; fileEncoding = 4; lastKnownFileType = sourcecode.swift; path = DataStoreRelationship.swift; sourceTree = "<group>"; };
		48FF5C2E24E56E730099B94D /* DataStoreProperty.swift */ = {isa = PBXFileReference; fileEncoding = 4; lastKnownFileType = sourcecode.swift; path = DataStoreProperty.swift; sourceTree = "<group>"; };
		48FF5C2F24E56E730099B94D /* DataStoreAttribute.swift */ = {isa = PBXFileReference; fileEncoding = 4; lastKnownFileType = sourcecode.swift; path = DataStoreAttribute.swift; sourceTree = "<group>"; };
		48FF5C3324E56E730099B94D /* DataStoreObjectCache+CoreData.swift */ = {isa = PBXFileReference; fileEncoding = 4; lastKnownFileType = sourcecode.swift; path = "DataStoreObjectCache+CoreData.swift"; sourceTree = "<group>"; };
		48FF5C3424E56E730099B94D /* DataStoreObjectCache.swift */ = {isa = PBXFileReference; fileEncoding = 4; lastKnownFileType = sourcecode.swift; path = DataStoreObjectCache.swift; sourceTree = "<group>"; };
		48FF5C3624E56E730099B94D /* DataStoreObjectTransaction.swift */ = {isa = PBXFileReference; fileEncoding = 4; lastKnownFileType = sourcecode.swift; path = DataStoreObjectTransaction.swift; sourceTree = "<group>"; };
		48FF5C3724E56E730099B94D /* DataStoreManagedObjectTransaction.swift */ = {isa = PBXFileReference; fileEncoding = 4; lastKnownFileType = sourcecode.swift; path = DataStoreManagedObjectTransaction.swift; sourceTree = "<group>"; };
		48FF5C3924E56E730099B94D /* DataStoreMergeableCollection.swift */ = {isa = PBXFileReference; fileEncoding = 4; lastKnownFileType = sourcecode.swift; path = DataStoreMergeableCollection.swift; sourceTree = "<group>"; };
		48FF5C3A24E56E730099B94D /* DataStoreExcludableCollection.swift */ = {isa = PBXFileReference; fileEncoding = 4; lastKnownFileType = sourcecode.swift; path = DataStoreExcludableCollection.swift; sourceTree = "<group>"; };
		48FF5C3D24E56E730099B94D /* DataStoreDeserializer.swift */ = {isa = PBXFileReference; fileEncoding = 4; lastKnownFileType = sourcecode.swift; path = DataStoreDeserializer.swift; sourceTree = "<group>"; };
		48FF5C3F24E56E730099B94D /* DataStoreRepresentationUtility.swift */ = {isa = PBXFileReference; fileEncoding = 4; lastKnownFileType = sourcecode.swift; name = DataStoreRepresentationUtility.swift; path = Utility/DataStoreRepresentationUtility.swift; sourceTree = "<group>"; };
		48FF5C4124E56E730099B94D /* DataStoreRelationshipAssignmentContext.swift */ = {isa = PBXFileReference; fileEncoding = 4; lastKnownFileType = sourcecode.swift; path = DataStoreRelationshipAssignmentContext.swift; sourceTree = "<group>"; };
		48FF5C4224E56E730099B94D /* DataStoreAssignmentPolicy.swift */ = {isa = PBXFileReference; fileEncoding = 4; lastKnownFileType = sourcecode.swift; path = DataStoreAssignmentPolicy.swift; sourceTree = "<group>"; };
		48FF5C4424E56E730099B94D /* ObjectRef.swift */ = {isa = PBXFileReference; fileEncoding = 4; lastKnownFileType = sourcecode.swift; path = ObjectRef.swift; sourceTree = "<group>"; };
		48FF5C5724E57CA70099B94D /* Dictionary+KeyPath.swift */ = {isa = PBXFileReference; lastKnownFileType = sourcecode.swift; path = "Dictionary+KeyPath.swift"; sourceTree = "<group>"; };
		C4495C342599EB62003FC4B0 /* DataSync+SyncRecord.swift */ = {isa = PBXFileReference; lastKnownFileType = sourcecode.swift; path = "DataSync+SyncRecord.swift"; sourceTree = "<group>"; };
		C5EFDC3E22F1E4410094A0B4 /* CLIENTS(2).json */ = {isa = PBXFileReference; fileEncoding = 4; lastKnownFileType = text.json; path = "CLIENTS(2).json"; sourceTree = "<group>"; };
		C5EFDC4022F1E4410094A0B4 /* PRODUCTS.json */ = {isa = PBXFileReference; fileEncoding = 4; lastKnownFileType = text.json; path = PRODUCTS.json; sourceTree = "<group>"; };
		C5EFDC4222F1E4410094A0B4 /* INVOICES.json */ = {isa = PBXFileReference; fileEncoding = 4; lastKnownFileType = text.json; path = INVOICES.json; sourceTree = "<group>"; };
		C5EFDC4422F1E4410094A0B4 /* PRODUCTS.data.json */ = {isa = PBXFileReference; fileEncoding = 4; lastKnownFileType = text.json; path = PRODUCTS.data.json; sourceTree = "<group>"; };
		C5EFDC4522F1E4410094A0B4 /* CLIENTS_100.json */ = {isa = PBXFileReference; fileEncoding = 4; lastKnownFileType = text.json; path = CLIENTS_100.json; sourceTree = "<group>"; };
		C5EFDC4622F1E4420094A0B4 /* CLIENTS.json */ = {isa = PBXFileReference; fileEncoding = 4; lastKnownFileType = text.json; path = CLIENTS.json; sourceTree = "<group>"; };
		C5EFDC4722F1E4420094A0B4 /* __DeletedRecords.json */ = {isa = PBXFileReference; fileEncoding = 4; lastKnownFileType = text.json; path = __DeletedRecords.json; sourceTree = "<group>"; };
/* End PBXFileReference section */

/* Begin PBXFrameworksBuildPhase section */
		48C55E741EB8A09600F9ECAC /* Frameworks */ = {
			isa = PBXFrameworksBuildPhase;
			buildActionMask = 2147483647;
			files = (
				48C55E8F1EB8A48300F9ECAC /* ObjcExceptionBridging.framework in Frameworks */,
				48C55E951EB8A48300F9ECAC /* XCGLogger.framework in Frameworks */,
				48C55E941EB8A48300F9ECAC /* SwiftyJSON.framework in Frameworks */,
				483727841EB8ADAE0060B064 /* Alamofire.framework in Frameworks */,
				483727801EB8AD940060B064 /* Moya.framework in Frameworks */,
				482259CE1F5EA3CD00BB2A87 /* DeviceKit.framework in Frameworks */,
				48C55E901EB8A48300F9ECAC /* Prephirences.framework in Frameworks */,
				481BFB781F4F1C1F007B77C8 /* FileKit.framework in Frameworks */,
				48C55E921EB8A48300F9ECAC /* QMobileDataStore.framework in Frameworks */,
				48C55E911EB8A48300F9ECAC /* QMobileAPI.framework in Frameworks */,
			);
			runOnlyForDeploymentPostprocessing = 0;
		};
		48C55E971EB8A4A100F9ECAC /* Frameworks */ = {
			isa = PBXFrameworksBuildPhase;
			buildActionMask = 2147483647;
			files = (
				48C55E9F1EB8A4A100F9ECAC /* QMobileDataSync.framework in Frameworks */,
			);
			runOnlyForDeploymentPostprocessing = 0;
		};
		48DB1F4F21ABEA6B00B97E26 /* Frameworks */ = {
			isa = PBXFrameworksBuildPhase;
			buildActionMask = 2147483647;
			files = (
				48DB1F7721ABEB1000B97E26 /* ObjcExceptionBridging.framework in Frameworks */,
				48DB1F7821ABEB1000B97E26 /* XCGLogger.framework in Frameworks */,
				48DB1F7A21ABEB1000B97E26 /* SwiftyJSON.framework in Frameworks */,
				48DB1F7B21ABEB1000B97E26 /* Alamofire.framework in Frameworks */,
				48DB1F7D21ABEB1000B97E26 /* Moya.framework in Frameworks */,
				48DB1F7E21ABEB1000B97E26 /* Prephirences.framework in Frameworks */,
				48DB1F8021ABEBE700B97E26 /* FileKit.framework in Frameworks */,
				48DB1F8421ABECDE00B97E26 /* QMobileDataStore.framework in Frameworks */,
				48DB1F8221ABEC3A00B97E26 /* QMobileAPI.framework in Frameworks */,
			);
			runOnlyForDeploymentPostprocessing = 0;
		};
/* End PBXFrameworksBuildPhase section */

/* Begin PBXGroup section */
		483D549F1F33208C0061D1FE /* Simple */ = {
			isa = PBXGroup;
			children = (
				481EDC761F4C724500E97960 /* LocalizableTests.swift */,
				4855548F1ECAEC85001EE365 /* TableStampStorageTests.swift */,
				486B24781F56B23700706B92 /* FutureTests.swift */,
			);
			name = Simple;
			sourceTree = "<group>";
		};
		483D54A01F3320980061D1FE /* Utils */ = {
			isa = PBXGroup;
			children = (
				485554911ECAEF40001EE365 /* Utils.swift */,
				485554EB1ECAF2E5001EE365 /* RemoteConfig.swift */,
			);
			name = Utils;
			sourceTree = "<group>";
		};
		483D54A11F3320A70061D1FE /* Resources */ = {
			isa = PBXGroup;
			children = (
				485554E81ECAF04A001EE365 /* Invoices.xcdatamodeld */,
				485554B41ECAEF68001EE365 /* Stubbed Responses */,
				4855549C1ECAEF68001EE365 /* Data */,
				485554951ECAEF68001EE365 /* Catalog */,
			);
			name = Resources;
			sourceTree = "<group>";
		};
		483EF6101EF93FB900C11B5E /* iOS */ = {
			isa = PBXGroup;
			children = (
				482259CD1F5EA3CD00BB2A87 /* DeviceKit.framework */,
				481BFB771F4F1C1F007B77C8 /* FileKit.framework */,
				48C55E8B1EB8A48300F9ECAC /* QMobileDataStore.framework */,
				48C55E8A1EB8A48300F9ECAC /* QMobileAPI.framework */,
				4865B1AA1EC1BA3100085634 /* BrightFutures.framework */,
				483727831EB8ADAE0060B064 /* Alamofire.framework */,
				4837277F1EB8AD940060B064 /* Moya.framework */,
				48C55E881EB8A48300F9ECAC /* ObjcExceptionBridging.framework */,
				48C55E891EB8A48300F9ECAC /* Prephirences.framework */,
				48C55E8D1EB8A48300F9ECAC /* SwiftyJSON.framework */,
				48C55E8E1EB8A48300F9ECAC /* XCGLogger.framework */,
			);
			name = iOS;
			sourceTree = "<group>";
		};
		483EF6111EF93FF700C11B5E /* Mac */ = {
			isa = PBXGroup;
			children = (
				48DB1F8321ABECDE00B97E26 /* QMobileDataStore.framework */,
				48DB1F8121ABEC3900B97E26 /* QMobileAPI.framework */,
				482259D31F5EC4DF00BB2A87 /* ObjcExceptionBridging.framework */,
				482259D21F5EC4D600BB2A87 /* XCGLogger.framework */,
				481BFB791F4F27FD007B77C8 /* FileKit.framework */,
				483EF6171EF940F700C11B5E /* SwiftyJSON.framework */,
				483EF6121EF9401E00C11B5E /* Alamofire.framework */,
				483EF6131EF9401E00C11B5E /* BrightFutures.framework */,
				483EF6141EF9401E00C11B5E /* Moya.framework */,
				483EF6151EF9401E00C11B5E /* Prephirences.framework */,
			);
			name = Mac;
			sourceTree = "<group>";
		};
		485554951ECAEF68001EE365 /* Catalog */ = {
			isa = PBXGroup;
			children = (
				485554971ECAEF68001EE365 /* CLIENTS.catalog.json */,
				485554981ECAEF68001EE365 /* INVOICES.catalog.json */,
				485554991ECAEF68001EE365 /* PRODUCTS.catalog.json */,
				48EB167122F8633C006238B6 /* README.md */,
			);
			path = Catalog;
			sourceTree = "<group>";
		};
		4855549C1ECAEF68001EE365 /* Data */ = {
			isa = PBXGroup;
			children = (
				48ED97E61F4AC89C000FF1B9 /* Stub */,
			);
			path = Data;
			sourceTree = "<group>";
		};
		485554B41ECAEF68001EE365 /* Stubbed Responses */ = {
			isa = PBXGroup;
			children = (
				485554B51ECAEF68001EE365 /* status.json */,
				485554961ECAEF68001EE365 /* restcatalogall.json */,
				485554B61ECAEF68001EE365 /* restcatalog.json */,
				485554B81ECAEF68001EE365 /* restcompute.json */,
				485554B91ECAEF68001EE365 /* restinfo.json */,
				485554BA1ECAEF68001EE365 /* restmethod.json */,
				485554BB1ECAEF68001EE365 /* restrecord.json */,
				485554BC1ECAEF68001EE365 /* restrecords.json */,
				485554BD1ECAEF68001EE365 /* resttable.json */,
			);
			path = "Stubbed Responses";
			sourceTree = "<group>";
		};
		48C55E6E1EB8A09600F9ECAC = {
			isa = PBXGroup;
			children = (
				48C55E831EB8A19900F9ECAC /* Sources */,
				48C55E841EB8A1A000F9ECAC /* Xcode */,
				48C55E9B1EB8A4A100F9ECAC /* Tests */,
				48C55E791EB8A09600F9ECAC /* Products */,
				48C55E871EB8A43000F9ECAC /* Frameworks */,
			);
			sourceTree = "<group>";
		};
		48C55E791EB8A09600F9ECAC /* Products */ = {
			isa = PBXGroup;
			children = (
				48C55E781EB8A09600F9ECAC /* QMobileDataSync.framework */,
				48C55E9A1EB8A4A100F9ECAC /* Tests.xctest */,
				48DB1F5221ABEA6B00B97E26 /* QMobileDataSync.framework */,
			);
			name = Products;
			sourceTree = "<group>";
		};
		48C55E7A1EB8A09600F9ECAC /* iOS */ = {
			isa = PBXGroup;
			children = (
				48C55E7B1EB8A09600F9ECAC /* QMobileDataSync.h */,
				48C55E7C1EB8A09600F9ECAC /* Info.plist */,
			);
			path = iOS;
			sourceTree = "<group>";
		};
		48C55E831EB8A19900F9ECAC /* Sources */ = {
			isa = PBXGroup;
			children = (
				4837277D1EB8A8DF0060B064 /* DataSync.swift */,
				486A22FE1F55B69400B5A5E6 /* DataSync+Init.swift */,
				484429001EC999A6008658B8 /* DataSync+Sync.swift */,
				486A22FC1F55B68100B5A5E6 /* DataSync+SyncTable.swift */,
				C4495C342599EB62003FC4B0 /* DataSync+SyncRecord.swift */,
				4854D34B23EC6EA000C518B2 /* DataSync+Deletable.swift */,
				484428FC1EC9995E008658B8 /* DataSync+Process.swift */,
				489C15D91F3B42A5004844F3 /* DataSync+Cancellable.swift */,
				484803841EBC76D70094D84C /* DataSync+Singleton.swift */,
				485554F11ECB004C001EE365 /* DataSync+Combine.swift */,
				484428F81EC998F0008658B8 /* DataSyncError.swift */,
				484428F61EC998D0008658B8 /* DataSyncDelegate.swift */,
				4843784C1F471C02004C5101 /* DataSync+Notification.swift */,
				481EDC721F4C568F00E97960 /* DataSync+Cache.swift */,
				4811229B1F682001001EE34E /* DataSync+Dump.swift */,
				48572BC6221454ED005D1AFC /* DataSync+Drop.swift */,
				48CD5F6624E682E0001D367F /* Configuration */,
				48FF5C4324E56E730099B94D /* Utility */,
				48CD5F6724E682F7001D367F /* Extensions */,
				48CD5F6824E68311001D367F /* API */,
				481EDC7A1F4C72BF00E97960 /* Localizable.strings */,
			);
			path = Sources;
			sourceTree = "<group>";
		};
		48C55E841EB8A1A000F9ECAC /* Xcode */ = {
			isa = PBXGroup;
			children = (
				48DB1F5321ABEA6B00B97E26 /* macOS */,
				48C55E7A1EB8A09600F9ECAC /* iOS */,
			);
			path = Xcode;
			sourceTree = "<group>";
		};
		48C55E871EB8A43000F9ECAC /* Frameworks */ = {
			isa = PBXGroup;
			children = (
				4865B1A91EC1B7BF00085634 /* Cartfile */,
				48B0B2DF1F444923008F5EB1 /* Cartfile.resolved */,
				483EF6101EF93FB900C11B5E /* iOS */,
				483EF6111EF93FF700C11B5E /* Mac */,
			);
			name = Frameworks;
			sourceTree = "<group>";
		};
		48C55E9B1EB8A4A100F9ECAC /* Tests */ = {
			isa = PBXGroup;
			children = (
				483D54A11F3320A70061D1FE /* Resources */,
				483D54A01F3320980061D1FE /* Utils */,
				48C55E9C1EB8A4A100F9ECAC /* DataSyncTests.swift */,
				487F7FE91F570C7D0064AF4B /* DataReloadTests.swift */,
				4811229D1F682888001EE34E /* DataDumpTests.swift */,
				483EF60E1EF925BB00C11B5E /* DataStoreIntegrationTests.swift */,
				485554F41ECB2B71001EE365 /* DataStoreTableStampStorageTests.swift */,
				48FBBFAF1F554C2100E920B6 /* ServerStatusTests.swift */,
				483D549F1F33208C0061D1FE /* Simple */,
				48C55E9E1EB8A4A100F9ECAC /* Info.plist */,
			);
			path = Tests;
			sourceTree = "<group>";
		};
		48CD5F6624E682E0001D367F /* Configuration */ = {
			isa = PBXGroup;
			children = (
				484803821EBC768E0094D84C /* DataSync+Preferences.swift */,
			);
			path = Configuration;
			sourceTree = "<group>";
		};
		48CD5F6724E682F7001D367F /* Extensions */ = {
			isa = PBXGroup;
			children = (
				48FF5C5724E57CA70099B94D /* Dictionary+KeyPath.swift */,
				486744FF2021B8050029924D /* NSManagedObject+Importable.swift */,
				484803861EBC78680094D84C /* Array+Sync.swift */,
				484428FA1EC99922008658B8 /* Sequence+Result.swift */,
				486A22FA1F55B55C00B5A5E6 /* DataStoreContext+Queue.swift */,
				486A23001F55B74300B5A5E6 /* DispatchQueue+Sync.swift */,
				48572BBA22144DEA005D1AFC /* Lockable.swift */,
				48572BBC22145081005D1AFC /* Calendar+Zone.swift */,
				48572BBE22145093005D1AFC /* Date+StartOfDay.swift */,
				48572BC0221450C1005D1AFC /* PageInfo+Dummy.swift */,
			);
			path = Extensions;
			sourceTree = "<group>";
		};
		48CD5F6824E68311001D367F /* API */ = {
			isa = PBXGroup;
			children = (
				48FF5C3B24E56E730099B94D /* Deserializer */,
				48FF5C3024E56E730099B94D /* Transaction */,
				48FF5C2A24E56E730099B94D /* Mapping */,
				484428F41EC99766008658B8 /* TableStampStorage.swift */,
				484803A21EBCB2340094D84C /* DataSync+Table.swift */,
				484803A41EBCB5C50094D84C /* DataSync+Records.swift */,
				486081061F8CBAF500591942 /* DataStoreTableInfo+Table.swift */,
				485B273622E9DE6400185241 /* DataStoreFieldInfo+Attribute.swift */,
				485B273922E9DE8F00185241 /* DataStoreRelationInfo+Attribute.swift */,
			);
			path = API;
			sourceTree = "<group>";
		};
		48DB1F5321ABEA6B00B97E26 /* macOS */ = {
			isa = PBXGroup;
			children = (
				48DB1F5421ABEA6B00B97E26 /* QMobileDataSyncMacOS.h */,
				48DB1F5521ABEA6B00B97E26 /* Info.plist */,
			);
			path = macOS;
			sourceTree = "<group>";
		};
		48ED97E61F4AC89C000FF1B9 /* Stub */ = {
			isa = PBXGroup;
			children = (
				C5EFDC4722F1E4420094A0B4 /* __DeletedRecords.json */,
				C5EFDC4522F1E4410094A0B4 /* CLIENTS_100.json */,
				C5EFDC4622F1E4420094A0B4 /* CLIENTS.json */,
				C5EFDC3E22F1E4410094A0B4 /* CLIENTS(2).json */,
				C5EFDC4222F1E4410094A0B4 /* INVOICES.json */,
				C5EFDC4422F1E4410094A0B4 /* PRODUCTS.data.json */,
				C5EFDC4022F1E4410094A0B4 /* PRODUCTS.json */,
				48EB167222F8643D006238B6 /* README.md */,
			);
			name = Stub;
			sourceTree = "<group>";
		};
		48FF5C2A24E56E730099B94D /* Mapping */ = {
			isa = PBXGroup;
			children = (
				48FF5C2B24E56E730099B94D /* DataStoreMapping.swift */,
				48FF5C2C24E56E730099B94D /* Property */,
			);
			path = Mapping;
			sourceTree = "<group>";
		};
		48FF5C2C24E56E730099B94D /* Property */ = {
			isa = PBXGroup;
			children = (
				48FF5C2D24E56E730099B94D /* DataStoreRelationship.swift */,
				48FF5C2E24E56E730099B94D /* DataStoreProperty.swift */,
				48FF5C2F24E56E730099B94D /* DataStoreAttribute.swift */,
			);
			path = Property;
			sourceTree = "<group>";
		};
		48FF5C3024E56E730099B94D /* Transaction */ = {
			isa = PBXGroup;
			children = (
				48FF5C3224E56E730099B94D /* Cache */,
				48FF5C3624E56E730099B94D /* DataStoreObjectTransaction.swift */,
				48FF5C3724E56E730099B94D /* DataStoreManagedObjectTransaction.swift */,
			);
			path = Transaction;
			sourceTree = "<group>";
		};
		48FF5C3224E56E730099B94D /* Cache */ = {
			isa = PBXGroup;
			children = (
				48FF5C3324E56E730099B94D /* DataStoreObjectCache+CoreData.swift */,
				48FF5C3424E56E730099B94D /* DataStoreObjectCache.swift */,
			);
			path = Cache;
			sourceTree = "<group>";
		};
		48FF5C3824E56E730099B94D /* Collection */ = {
			isa = PBXGroup;
			children = (
				48FF5C3924E56E730099B94D /* DataStoreMergeableCollection.swift */,
				48FF5C3A24E56E730099B94D /* DataStoreExcludableCollection.swift */,
			);
			path = Collection;
			sourceTree = "<group>";
		};
		48FF5C3B24E56E730099B94D /* Deserializer */ = {
			isa = PBXGroup;
			children = (
				48FF5C4024E56E730099B94D /* Assignment Policy */,
				48FF5C3824E56E730099B94D /* Collection */,
				48FF5C3D24E56E730099B94D /* DataStoreDeserializer.swift */,
				48FF5C3F24E56E730099B94D /* DataStoreRepresentationUtility.swift */,
			);
			path = Deserializer;
			sourceTree = "<group>";
		};
		48FF5C4024E56E730099B94D /* Assignment Policy */ = {
			isa = PBXGroup;
			children = (
				48FF5C4124E56E730099B94D /* DataStoreRelationshipAssignmentContext.swift */,
				48FF5C4224E56E730099B94D /* DataStoreAssignmentPolicy.swift */,
			);
			path = "Assignment Policy";
			sourceTree = "<group>";
		};
		48FF5C4324E56E730099B94D /* Utility */ = {
			isa = PBXGroup;
			children = (
				48FF5C4424E56E730099B94D /* ObjectRef.swift */,
			);
			path = Utility;
			sourceTree = "<group>";
		};
/* End PBXGroup section */

/* Begin PBXHeadersBuildPhase section */
		48C55E751EB8A09600F9ECAC /* Headers */ = {
			isa = PBXHeadersBuildPhase;
			buildActionMask = 2147483647;
			files = (
				48C55E7D1EB8A09600F9ECAC /* QMobileDataSync.h in Headers */,
			);
			runOnlyForDeploymentPostprocessing = 0;
		};
		48DB1F4D21ABEA6B00B97E26 /* Headers */ = {
			isa = PBXHeadersBuildPhase;
			buildActionMask = 2147483647;
			files = (
				48DB1F5621ABEA6B00B97E26 /* QMobileDataSyncMacOS.h in Headers */,
			);
			runOnlyForDeploymentPostprocessing = 0;
		};
/* End PBXHeadersBuildPhase section */

/* Begin PBXLegacyTarget section */
		483727851EB8AE4A0060B064 /* swiftlint */ = {
			isa = PBXLegacyTarget;
			buildArgumentsString = autocorrect;
			buildConfigurationList = 483727861EB8AE4A0060B064 /* Build configuration list for PBXLegacyTarget "swiftlint" */;
			buildPhases = (
			);
			buildToolPath = /usr/local/bin/swiftlint;
			buildWorkingDirectory = "";
			dependencies = (
			);
			name = swiftlint;
			passBuildSettingsInEnvironment = 1;
			productName = swiftlint;
		};
		48934E6E1F3DD3FA003B7DB4 /* carthage update */ = {
			isa = PBXLegacyTarget;
			buildArgumentsString = "update --platform ios";
			buildConfigurationList = 48934E6F1F3DD3FA003B7DB4 /* Build configuration list for PBXLegacyTarget "carthage update" */;
			buildPhases = (
			);
			buildToolPath = /usr/local/bin/carthage;
			buildWorkingDirectory = "";
			dependencies = (
			);
			name = "carthage update";
			passBuildSettingsInEnvironment = 1;
			productName = "carthage update";
		};
/* End PBXLegacyTarget section */

/* Begin PBXNativeTarget section */
		48C55E771EB8A09600F9ECAC /* QMobileDataSync */ = {
			isa = PBXNativeTarget;
			buildConfigurationList = 48C55E801EB8A09600F9ECAC /* Build configuration list for PBXNativeTarget "QMobileDataSync" */;
			buildPhases = (
				48F4D39E1F444073007C7CB8 /* swiftlint autocorrect */,
				48C55E731EB8A09600F9ECAC /* Sources */,
				48C55E741EB8A09600F9ECAC /* Frameworks */,
				48C55E751EB8A09600F9ECAC /* Headers */,
				48C55E761EB8A09600F9ECAC /* Resources */,
				483727891EB8AE5E0060B064 /* swiftlint */,
			);
			buildRules = (
			);
			dependencies = (
			);
			name = QMobileDataSync;
			productName = QMobileDataSync;
			productReference = 48C55E781EB8A09600F9ECAC /* QMobileDataSync.framework */;
			productType = "com.apple.product-type.framework";
		};
		48C55E991EB8A4A100F9ECAC /* Tests */ = {
			isa = PBXNativeTarget;
			buildConfigurationList = 48C55EA21EB8A4A100F9ECAC /* Build configuration list for PBXNativeTarget "Tests" */;
			buildPhases = (
				48C55E961EB8A4A100F9ECAC /* Sources */,
				48C55E971EB8A4A100F9ECAC /* Frameworks */,
				48C55E981EB8A4A100F9ECAC /* Resources */,
				4837278A1EB8AE8D0060B064 /* ShellScript */,
			);
			buildRules = (
			);
			dependencies = (
				48C55EA11EB8A4A100F9ECAC /* PBXTargetDependency */,
			);
			name = Tests;
			productName = Tests;
			productReference = 48C55E9A1EB8A4A100F9ECAC /* Tests.xctest */;
			productType = "com.apple.product-type.bundle.unit-test";
		};
		48DB1F5121ABEA6B00B97E26 /* QMobileDataSyncMacOS */ = {
			isa = PBXNativeTarget;
			buildConfigurationList = 48DB1F5921ABEA6B00B97E26 /* Build configuration list for PBXNativeTarget "QMobileDataSyncMacOS" */;
			buildPhases = (
				48DB1F4D21ABEA6B00B97E26 /* Headers */,
				48DB1F4E21ABEA6B00B97E26 /* Sources */,
				48DB1F4F21ABEA6B00B97E26 /* Frameworks */,
				48DB1F5021ABEA6B00B97E26 /* Resources */,
			);
			buildRules = (
			);
			dependencies = (
			);
			name = QMobileDataSyncMacOS;
			productName = QMobileDataSyncMacOS;
			productReference = 48DB1F5221ABEA6B00B97E26 /* QMobileDataSync.framework */;
			productType = "com.apple.product-type.framework";
		};
/* End PBXNativeTarget section */

/* Begin PBXProject section */
		48C55E6F1EB8A09600F9ECAC /* Project object */ = {
			isa = PBXProject;
			attributes = {
				LastSwiftUpdateCheck = 0830;
				LastUpgradeCheck = 1200;
				ORGANIZATIONNAME = "Eric Marchand";
				TargetAttributes = {
					483727851EB8AE4A0060B064 = {
						CreatedOnToolsVersion = 8.3.2;
						ProvisioningStyle = Automatic;
					};
					48934E6E1F3DD3FA003B7DB4 = {
						CreatedOnToolsVersion = 8.3.3;
						DevelopmentTeam = 37UG5W39Z2;
						ProvisioningStyle = Automatic;
					};
					48C55E771EB8A09600F9ECAC = {
						CreatedOnToolsVersion = 8.3.2;
						LastSwiftMigration = 0830;
						ProvisioningStyle = Automatic;
					};
					48C55E991EB8A4A100F9ECAC = {
						CreatedOnToolsVersion = 8.3.2;
						ProvisioningStyle = Automatic;
					};
					48DB1F5121ABEA6B00B97E26 = {
						CreatedOnToolsVersion = 10.1;
						DevelopmentTeam = 37UG5W39Z2;
						ProvisioningStyle = Automatic;
					};
				};
			};
			buildConfigurationList = 48C55E721EB8A09600F9ECAC /* Build configuration list for PBXProject "QMobileDataSync" */;
			compatibilityVersion = "Xcode 3.2";
			developmentRegion = en;
			hasScannedForEncodings = 0;
			knownRegions = (
				en,
				Base,
			);
			mainGroup = 48C55E6E1EB8A09600F9ECAC;
			productRefGroup = 48C55E791EB8A09600F9ECAC /* Products */;
			projectDirPath = "";
			projectRoot = "";
			targets = (
				48C55E771EB8A09600F9ECAC /* QMobileDataSync */,
				48DB1F5121ABEA6B00B97E26 /* QMobileDataSyncMacOS */,
				48C55E991EB8A4A100F9ECAC /* Tests */,
				483727851EB8AE4A0060B064 /* swiftlint */,
				48934E6E1F3DD3FA003B7DB4 /* carthage update */,
			);
		};
/* End PBXProject section */

/* Begin PBXResourcesBuildPhase section */
		48C55E761EB8A09600F9ECAC /* Resources */ = {
			isa = PBXResourcesBuildPhase;
			buildActionMask = 2147483647;
			files = (
				481EDC781F4C72BF00E97960 /* Localizable.strings in Resources */,
			);
			runOnlyForDeploymentPostprocessing = 0;
		};
		48C55E981EB8A4A100F9ECAC /* Resources */ = {
			isa = PBXResourcesBuildPhase;
			buildActionMask = 2147483647;
			files = (
				485554E51ECAEF68001EE365 /* resttable.json in Resources */,
				C5EFDC5122F1E4420094A0B4 /* CLIENTS.json in Resources */,
				485554E21ECAEF68001EE365 /* restmethod.json in Resources */,
				485554E31ECAEF68001EE365 /* restrecord.json in Resources */,
				485554DE1ECAEF68001EE365 /* restcatalog.json in Resources */,
				485554C11ECAEF68001EE365 /* restcatalogall.json in Resources */,
				485554E11ECAEF68001EE365 /* restinfo.json in Resources */,
				C5EFDC4F22F1E4420094A0B4 /* PRODUCTS.data.json in Resources */,
				485554C31ECAEF68001EE365 /* INVOICES.catalog.json in Resources */,
				485554E41ECAEF68001EE365 /* restrecords.json in Resources */,
				C5EFDC4D22F1E4420094A0B4 /* INVOICES.json in Resources */,
				C5EFDC4B22F1E4420094A0B4 /* PRODUCTS.json in Resources */,
				485554C41ECAEF68001EE365 /* PRODUCTS.catalog.json in Resources */,
				485554C21ECAEF68001EE365 /* CLIENTS.catalog.json in Resources */,
				C5EFDC5022F1E4420094A0B4 /* CLIENTS_100.json in Resources */,
				C5EFDC5222F1E4420094A0B4 /* __DeletedRecords.json in Resources */,
				C5EFDC4922F1E4420094A0B4 /* CLIENTS(2).json in Resources */,
				485554E01ECAEF68001EE365 /* restcompute.json in Resources */,
				485554DD1ECAEF68001EE365 /* status.json in Resources */,
			);
			runOnlyForDeploymentPostprocessing = 0;
		};
		48DB1F5021ABEA6B00B97E26 /* Resources */ = {
			isa = PBXResourcesBuildPhase;
			buildActionMask = 2147483647;
			files = (
				48DB1F7521ABEA9000B97E26 /* Localizable.strings in Resources */,
			);
			runOnlyForDeploymentPostprocessing = 0;
		};
/* End PBXResourcesBuildPhase section */

/* Begin PBXShellScriptBuildPhase section */
		483727891EB8AE5E0060B064 /* swiftlint */ = {
			isa = PBXShellScriptBuildPhase;
			buildActionMask = 2147483647;
			files = (
			);
			inputPaths = (
			);
			name = swiftlint;
			outputPaths = (
			);
			runOnlyForDeploymentPostprocessing = 0;
			shellPath = /bin/sh;
			shellScript = "if which swiftlint >/dev/null; then\nswiftlint\nelse\necho \"warning: SwiftLint not installed, download from https://github.com/realm/SwiftLint\"\nfi\n";
		};
		4837278A1EB8AE8D0060B064 /* ShellScript */ = {
			isa = PBXShellScriptBuildPhase;
			buildActionMask = 2147483647;
			files = (
			);
			inputPaths = (
				"$(SRCROOT)/Carthage/Build/iOS/QMobileDataStore.framework",
				"$(SRCROOT)/Carthage/Build/iOS/ObjcExceptionBridging.framework",
				"$(SRCROOT)/Carthage/Build/iOS/Prephirences.framework",
				"$(SRCROOT)/Carthage/Build/iOS/SwiftyJSON.framework",
				"$(SRCROOT)/Carthage/Build/iOS/XCGLogger.framework",
				"$(SRCROOT)/Carthage/Build/iOS/Moya.framework",
				"$(SRCROOT)/Carthage/Build/iOS/Alamofire.framework",
				"$(SRCROOT)/Carthage/Build/iOS/QMobileAPI.framework",
				"$(SRCROOT)/Carthage/Build/iOS/FileKit.framework",
				"$(SRCROOT)/Carthage/Build/iOS/DeviceKit.framework",
			);
			outputPaths = (
			);
			runOnlyForDeploymentPostprocessing = 0;
			shellPath = /bin/sh;
			shellScript = "/usr/local/bin/carthage copy-frameworks\n";
		};
		48F4D39E1F444073007C7CB8 /* swiftlint autocorrect */ = {
			isa = PBXShellScriptBuildPhase;
			buildActionMask = 2147483647;
			files = (
			);
			inputPaths = (
			);
			name = "swiftlint autocorrect";
			outputPaths = (
			);
			runOnlyForDeploymentPostprocessing = 0;
			shellPath = /bin/sh;
			shellScript = "if which swiftlint >/dev/null; then\nswiftlint autocorrect\nelse\necho \"warning: SwiftLint not installed, download from https://github.com/realm/SwiftLint\"\nfi\n";
		};
/* End PBXShellScriptBuildPhase section */

/* Begin PBXSourcesBuildPhase section */
		48C55E731EB8A09600F9ECAC /* Sources */ = {
			isa = PBXSourcesBuildPhase;
			buildActionMask = 2147483647;
			files = (
				486A22FF1F55B69400B5A5E6 /* DataSync+Init.swift in Sources */,
				48572BBF22145093005D1AFC /* Date+StartOfDay.swift in Sources */,
				48FF5C5024E56E730099B94D /* DataStoreExcludableCollection.swift in Sources */,
				4837277E1EB8A8DF0060B064 /* DataSync.swift in Sources */,
				48FF5C5424E56E730099B94D /* DataStoreRelationshipAssignmentContext.swift in Sources */,
				484429011EC999A6008658B8 /* DataSync+Sync.swift in Sources */,
				48FF5C4D24E56E730099B94D /* DataStoreObjectTransaction.swift in Sources */,
				484428F71EC998D0008658B8 /* DataSyncDelegate.swift in Sources */,
				48572BC7221454ED005D1AFC /* DataSync+Drop.swift in Sources */,
				481EDC731F4C568F00E97960 /* DataSync+Cache.swift in Sources */,
				48FF5C4724E56E730099B94D /* DataStoreProperty.swift in Sources */,
				48FF5C4624E56E730099B94D /* DataStoreRelationship.swift in Sources */,
				484803851EBC76D70094D84C /* DataSync+Singleton.swift in Sources */,
				48FF5C5824E57CA70099B94D /* Dictionary+KeyPath.swift in Sources */,
				484803831EBC768E0094D84C /* DataSync+Preferences.swift in Sources */,
				486A23011F55B74300B5A5E6 /* DispatchQueue+Sync.swift in Sources */,
				486745002021B8050029924D /* NSManagedObject+Importable.swift in Sources */,
				48FF5C5224E56E730099B94D /* DataStoreDeserializer.swift in Sources */,
				484803871EBC78680094D84C /* Array+Sync.swift in Sources */,
				4854D34C23EC6EA000C518B2 /* DataSync+Deletable.swift in Sources */,
				484428F51EC99766008658B8 /* TableStampStorage.swift in Sources */,
				486A22FB1F55B55C00B5A5E6 /* DataStoreContext+Queue.swift in Sources */,
				48FF5C5624E56E730099B94D /* ObjectRef.swift in Sources */,
				48FF5C5324E56E730099B94D /* DataStoreRepresentationUtility.swift in Sources */,
				48FF5C4824E56E730099B94D /* DataStoreAttribute.swift in Sources */,
				486A22FD1F55B68100B5A5E6 /* DataSync+SyncTable.swift in Sources */,
				484428FB1EC99922008658B8 /* Sequence+Result.swift in Sources */,
				48FF5C4F24E56E730099B94D /* DataStoreMergeableCollection.swift in Sources */,
				484428F91EC998F0008658B8 /* DataSyncError.swift in Sources */,
				48572BC1221450C1005D1AFC /* PageInfo+Dummy.swift in Sources */,
				48FF5C5524E56E730099B94D /* DataStoreAssignmentPolicy.swift in Sources */,
				4843784D1F471C02004C5101 /* DataSync+Notification.swift in Sources */,
				484803A51EBCB5C50094D84C /* DataSync+Records.swift in Sources */,
				485554F31ECB00D4001EE365 /* DataSync+Combine.swift in Sources */,
				489C15DA1F3B42A5004844F3 /* DataSync+Cancellable.swift in Sources */,
				48FF5C4A24E56E730099B94D /* DataStoreObjectCache+CoreData.swift in Sources */,
				486081071F8CBAF500591942 /* DataStoreTableInfo+Table.swift in Sources */,
				484428FD1EC9995E008658B8 /* DataSync+Process.swift in Sources */,
				C4495C352599EB62003FC4B0 /* DataSync+SyncRecord.swift in Sources */,
				4811229C1F682001001EE34E /* DataSync+Dump.swift in Sources */,
				48FF5C4524E56E730099B94D /* DataStoreMapping.swift in Sources */,
				48572BBB22144DEA005D1AFC /* Lockable.swift in Sources */,
				484803A31EBCB2340094D84C /* DataSync+Table.swift in Sources */,
				48FF5C4E24E56E730099B94D /* DataStoreManagedObjectTransaction.swift in Sources */,
				485B273A22E9DE8F00185241 /* DataStoreRelationInfo+Attribute.swift in Sources */,
				48572BBD22145081005D1AFC /* Calendar+Zone.swift in Sources */,
				485B273722E9DE6400185241 /* DataStoreFieldInfo+Attribute.swift in Sources */,
				48FF5C4B24E56E730099B94D /* DataStoreObjectCache.swift in Sources */,
			);
			runOnlyForDeploymentPostprocessing = 0;
		};
		48C55E961EB8A4A100F9ECAC /* Sources */ = {
			isa = PBXSourcesBuildPhase;
			buildActionMask = 2147483647;
			files = (
				487F7FEA1F570C7D0064AF4B /* DataReloadTests.swift in Sources */,
				485554901ECAEC85001EE365 /* TableStampStorageTests.swift in Sources */,
				486B24791F56B23700706B92 /* FutureTests.swift in Sources */,
				485554EC1ECAF2E5001EE365 /* RemoteConfig.swift in Sources */,
				485554F51ECB2B71001EE365 /* DataStoreTableStampStorageTests.swift in Sources */,
				4811229E1F682888001EE34E /* DataDumpTests.swift in Sources */,
				48FBBFB01F554C2100E920B6 /* ServerStatusTests.swift in Sources */,
				481EDC771F4C724500E97960 /* LocalizableTests.swift in Sources */,
				485554EA1ECAF04A001EE365 /* Invoices.xcdatamodeld in Sources */,
				483EF60F1EF925BB00C11B5E /* DataStoreIntegrationTests.swift in Sources */,
				48C55E9D1EB8A4A100F9ECAC /* DataSyncTests.swift in Sources */,
				485554921ECAEF40001EE365 /* Utils.swift in Sources */,
			);
			runOnlyForDeploymentPostprocessing = 0;
		};
		48DB1F4E21ABEA6B00B97E26 /* Sources */ = {
			isa = PBXSourcesBuildPhase;
			buildActionMask = 2147483647;
			files = (
				48DB1F6121ABEA7B00B97E26 /* DataSync+Singleton.swift in Sources */,
				48DB1F6B21ABEA8300B97E26 /* DataSync+Preferences.swift in Sources */,
				48DB1F5E21ABEA7B00B97E26 /* DataSync+SyncTable.swift in Sources */,
				48DB1F6A21ABEA7F00B97E26 /* DataStoreTableInfo+Table.swift in Sources */,
				48DB1F5C21ABEA7B00B97E26 /* DataSync+Sync.swift in Sources */,
				48DB1F7321ABEA8D00B97E26 /* DataSync+Combine.swift in Sources */,
				48DB1F5B21ABEA7B00B97E26 /* DataSync+Init.swift in Sources */,
				48DB1F6F21ABEA8800B97E26 /* DataStoreContext+Queue.swift in Sources */,
				48DB1F6921ABEA7F00B97E26 /* DataSync+Records.swift in Sources */,
				48DB1F6E21ABEA8800B97E26 /* Sequence+Result.swift in Sources */,
				48DB1F6221ABEA7B00B97E26 /* DataSyncError.swift in Sources */,
				48DB1F6721ABEA7F00B97E26 /* TableStampStorage.swift in Sources */,
				48DB1F6D21ABEA8800B97E26 /* Array+Sync.swift in Sources */,
				48572BC3221450FF005D1AFC /* Date+StartOfDay.swift in Sources */,
				48DB1F6C21ABEA8800B97E26 /* NSManagedObject+Importable.swift in Sources */,
				C4495C362599EB62003FC4B0 /* DataSync+SyncRecord.swift in Sources */,
				48DB1F7021ABEA8800B97E26 /* DispatchQueue+Sync.swift in Sources */,
				48DB1F5F21ABEA7B00B97E26 /* DataSync+Process.swift in Sources */,
				48DB1F6321ABEA7B00B97E26 /* DataSyncDelegate.swift in Sources */,
				48DB1F6021ABEA7B00B97E26 /* DataSync+Cancellable.swift in Sources */,
				48DB1F6521ABEA7B00B97E26 /* DataSync+Cache.swift in Sources */,
				48DB1F6821ABEA7F00B97E26 /* DataSync+Table.swift in Sources */,
				48DB1F6421ABEA7B00B97E26 /* DataSync+Notification.swift in Sources */,
				48572BC522145102005D1AFC /* Lockable.swift in Sources */,
				48DB1F5A21ABEA7B00B97E26 /* DataSync.swift in Sources */,
				48DB1F6621ABEA7B00B97E26 /* DataSync+Dump.swift in Sources */,
				48572BC2221450FF005D1AFC /* Calendar+Zone.swift in Sources */,
				48572BC4221450FF005D1AFC /* PageInfo+Dummy.swift in Sources */,
				48CD5F6524E6825D001D367F /* Dictionary+KeyPath.swift in Sources */,
			);
			runOnlyForDeploymentPostprocessing = 0;
		};
/* End PBXSourcesBuildPhase section */

/* Begin PBXTargetDependency section */
		48C55EA11EB8A4A100F9ECAC /* PBXTargetDependency */ = {
			isa = PBXTargetDependency;
			target = 48C55E771EB8A09600F9ECAC /* QMobileDataSync */;
			targetProxy = 48C55EA01EB8A4A100F9ECAC /* PBXContainerItemProxy */;
		};
/* End PBXTargetDependency section */

/* Begin PBXVariantGroup section */
		481EDC7A1F4C72BF00E97960 /* Localizable.strings */ = {
			isa = PBXVariantGroup;
			children = (
				481EDC791F4C72BF00E97960 /* en */,
			);
			name = Localizable.strings;
			sourceTree = "<group>";
		};
/* End PBXVariantGroup section */

/* Begin XCBuildConfiguration section */
		483727871EB8AE4A0060B064 /* Debug */ = {
			isa = XCBuildConfiguration;
			buildSettings = {
				DEBUGGING_SYMBOLS = YES;
				DEBUG_INFORMATION_FORMAT = dwarf;
				GCC_GENERATE_DEBUGGING_SYMBOLS = YES;
				GCC_OPTIMIZATION_LEVEL = 0;
				OTHER_CFLAGS = "";
				OTHER_LDFLAGS = "";
				PRODUCT_NAME = "$(TARGET_NAME)";
			};
			name = Debug;
		};
		483727881EB8AE4A0060B064 /* Release */ = {
			isa = XCBuildConfiguration;
			buildSettings = {
				DEBUG_INFORMATION_FORMAT = "dwarf-with-dsym";
				OTHER_CFLAGS = "";
				OTHER_LDFLAGS = "";
				PRODUCT_NAME = "$(TARGET_NAME)";
			};
			name = Release;
		};
		48934E701F3DD3FA003B7DB4 /* Debug */ = {
			isa = XCBuildConfiguration;
			buildSettings = {
				DEBUGGING_SYMBOLS = YES;
				DEBUG_INFORMATION_FORMAT = dwarf;
				DEVELOPMENT_TEAM = 37UG5W39Z2;
				GCC_GENERATE_DEBUGGING_SYMBOLS = YES;
				GCC_OPTIMIZATION_LEVEL = 0;
				OTHER_CFLAGS = "";
				OTHER_LDFLAGS = "";
				PRODUCT_NAME = "$(TARGET_NAME)";
			};
			name = Debug;
		};
		48934E711F3DD3FA003B7DB4 /* Release */ = {
			isa = XCBuildConfiguration;
			buildSettings = {
				DEBUG_INFORMATION_FORMAT = "dwarf-with-dsym";
				DEVELOPMENT_TEAM = 37UG5W39Z2;
				OTHER_CFLAGS = "";
				OTHER_LDFLAGS = "";
				PRODUCT_NAME = "$(TARGET_NAME)";
			};
			name = Release;
		};
		48C55E7E1EB8A09600F9ECAC /* Debug */ = {
			isa = XCBuildConfiguration;
			buildSettings = {
				ALWAYS_SEARCH_USER_PATHS = NO;
				CLANG_ANALYZER_LOCALIZABILITY_NONLOCALIZED = YES;
				CLANG_ANALYZER_NONNULL = YES;
				CLANG_ANALYZER_NUMBER_OBJECT_CONVERSION = YES_AGGRESSIVE;
				CLANG_CXX_LANGUAGE_STANDARD = "gnu++0x";
				CLANG_CXX_LIBRARY = "libc++";
				CLANG_ENABLE_MODULES = YES;
				CLANG_ENABLE_OBJC_ARC = YES;
				CLANG_WARN_BLOCK_CAPTURE_AUTORELEASING = YES;
				CLANG_WARN_BOOL_CONVERSION = YES;
				CLANG_WARN_COMMA = YES;
				CLANG_WARN_CONSTANT_CONVERSION = YES;
				CLANG_WARN_DEPRECATED_OBJC_IMPLEMENTATIONS = YES;
				CLANG_WARN_DIRECT_OBJC_ISA_USAGE = YES_ERROR;
				CLANG_WARN_DOCUMENTATION_COMMENTS = YES;
				CLANG_WARN_EMPTY_BODY = YES;
				CLANG_WARN_ENUM_CONVERSION = YES;
				CLANG_WARN_INFINITE_RECURSION = YES;
				CLANG_WARN_INT_CONVERSION = YES;
				CLANG_WARN_NON_LITERAL_NULL_CONVERSION = YES;
				CLANG_WARN_OBJC_IMPLICIT_RETAIN_SELF = YES;
				CLANG_WARN_OBJC_LITERAL_CONVERSION = YES;
				CLANG_WARN_OBJC_ROOT_CLASS = YES_ERROR;
				CLANG_WARN_QUOTED_INCLUDE_IN_FRAMEWORK_HEADER = YES;
				CLANG_WARN_RANGE_LOOP_ANALYSIS = YES;
				CLANG_WARN_STRICT_PROTOTYPES = YES;
				CLANG_WARN_SUSPICIOUS_MOVE = YES;
				CLANG_WARN_UNREACHABLE_CODE = YES;
				CLANG_WARN__DUPLICATE_METHOD_MATCH = YES;
				"CODE_SIGN_IDENTITY[sdk=iphoneos*]" = "iPhone Developer";
				COPY_PHASE_STRIP = NO;
				CURRENT_PROJECT_VERSION = 1;
				DEBUG_INFORMATION_FORMAT = dwarf;
				ENABLE_STRICT_OBJC_MSGSEND = YES;
				ENABLE_TESTABILITY = YES;
				GCC_C_LANGUAGE_STANDARD = gnu99;
				GCC_DYNAMIC_NO_PIC = NO;
				GCC_NO_COMMON_BLOCKS = YES;
				GCC_OPTIMIZATION_LEVEL = 0;
				GCC_PREPROCESSOR_DEFINITIONS = (
					"DEBUG=1",
					"$(inherited)",
				);
				GCC_WARN_64_TO_32_BIT_CONVERSION = YES;
				GCC_WARN_ABOUT_RETURN_TYPE = YES_ERROR;
				GCC_WARN_UNDECLARED_SELECTOR = YES;
				GCC_WARN_UNINITIALIZED_AUTOS = YES_AGGRESSIVE;
				GCC_WARN_UNUSED_FUNCTION = YES;
				GCC_WARN_UNUSED_VARIABLE = YES;
				MTL_ENABLE_DEBUG_INFO = YES;
				ONLY_ACTIVE_ARCH = YES;
				SDKROOT = iphoneos;
				SWIFT_ACTIVE_COMPILATION_CONDITIONS = DEBUG;
				SWIFT_OPTIMIZATION_LEVEL = "-Onone";
				SWIFT_VERSION = 5.0;
				TARGETED_DEVICE_FAMILY = "1,2";
				VERSIONING_SYSTEM = "apple-generic";
				VERSION_INFO_PREFIX = "";
			};
			name = Debug;
		};
		48C55E7F1EB8A09600F9ECAC /* Release */ = {
			isa = XCBuildConfiguration;
			buildSettings = {
				ALWAYS_SEARCH_USER_PATHS = NO;
				CLANG_ANALYZER_LOCALIZABILITY_NONLOCALIZED = YES;
				CLANG_ANALYZER_NONNULL = YES;
				CLANG_ANALYZER_NUMBER_OBJECT_CONVERSION = YES_AGGRESSIVE;
				CLANG_CXX_LANGUAGE_STANDARD = "gnu++0x";
				CLANG_CXX_LIBRARY = "libc++";
				CLANG_ENABLE_MODULES = YES;
				CLANG_ENABLE_OBJC_ARC = YES;
				CLANG_WARN_BLOCK_CAPTURE_AUTORELEASING = YES;
				CLANG_WARN_BOOL_CONVERSION = YES;
				CLANG_WARN_COMMA = YES;
				CLANG_WARN_CONSTANT_CONVERSION = YES;
				CLANG_WARN_DEPRECATED_OBJC_IMPLEMENTATIONS = YES;
				CLANG_WARN_DIRECT_OBJC_ISA_USAGE = YES_ERROR;
				CLANG_WARN_DOCUMENTATION_COMMENTS = YES;
				CLANG_WARN_EMPTY_BODY = YES;
				CLANG_WARN_ENUM_CONVERSION = YES;
				CLANG_WARN_INFINITE_RECURSION = YES;
				CLANG_WARN_INT_CONVERSION = YES;
				CLANG_WARN_NON_LITERAL_NULL_CONVERSION = YES;
				CLANG_WARN_OBJC_IMPLICIT_RETAIN_SELF = YES;
				CLANG_WARN_OBJC_LITERAL_CONVERSION = YES;
				CLANG_WARN_OBJC_ROOT_CLASS = YES_ERROR;
				CLANG_WARN_QUOTED_INCLUDE_IN_FRAMEWORK_HEADER = YES;
				CLANG_WARN_RANGE_LOOP_ANALYSIS = YES;
				CLANG_WARN_STRICT_PROTOTYPES = YES;
				CLANG_WARN_SUSPICIOUS_MOVE = YES;
				CLANG_WARN_UNREACHABLE_CODE = YES;
				CLANG_WARN__DUPLICATE_METHOD_MATCH = YES;
				"CODE_SIGN_IDENTITY[sdk=iphoneos*]" = "iPhone Developer";
				COPY_PHASE_STRIP = NO;
				CURRENT_PROJECT_VERSION = 1;
				DEBUG_INFORMATION_FORMAT = "dwarf-with-dsym";
				ENABLE_NS_ASSERTIONS = NO;
				ENABLE_STRICT_OBJC_MSGSEND = YES;
				GCC_C_LANGUAGE_STANDARD = gnu99;
				GCC_NO_COMMON_BLOCKS = YES;
				GCC_WARN_64_TO_32_BIT_CONVERSION = YES;
				GCC_WARN_ABOUT_RETURN_TYPE = YES_ERROR;
				GCC_WARN_UNDECLARED_SELECTOR = YES;
				GCC_WARN_UNINITIALIZED_AUTOS = YES_AGGRESSIVE;
				GCC_WARN_UNUSED_FUNCTION = YES;
				GCC_WARN_UNUSED_VARIABLE = YES;
				MTL_ENABLE_DEBUG_INFO = NO;
				SDKROOT = iphoneos;
				SWIFT_OPTIMIZATION_LEVEL = "-Owholemodule";
				SWIFT_VERSION = 5.0;
				TARGETED_DEVICE_FAMILY = "1,2";
				VALIDATE_PRODUCT = YES;
				VERSIONING_SYSTEM = "apple-generic";
				VERSION_INFO_PREFIX = "";
			};
			name = Release;
		};
		48C55E811EB8A09600F9ECAC /* Debug */ = {
			isa = XCBuildConfiguration;
			buildSettings = {
				CLANG_ENABLE_MODULES = YES;
				CODE_SIGN_IDENTITY = "";
				DEFINES_MODULE = YES;
				DEVELOPMENT_TEAM = "";
				DYLIB_COMPATIBILITY_VERSION = 1;
				DYLIB_CURRENT_VERSION = 1;
				DYLIB_INSTALL_NAME_BASE = "@rpath";
				FRAMEWORK_SEARCH_PATHS = (
					"$(inherited)",
					"$(PROJECT_DIR)/Carthage/Build/iOS",
					"$(PROJECT_DIR)/Carthage/Build/Mac",
				);
				INFOPLIST_FILE = Xcode/iOS/Info.plist;
				INSTALL_PATH = "$(LOCAL_LIBRARY_DIR)/Frameworks";
				IPHONEOS_DEPLOYMENT_TARGET = 14.0;
				LD_RUNPATH_SEARCH_PATHS = "$(inherited) @executable_path/Frameworks @loader_path/Frameworks";
				PRODUCT_BUNDLE_IDENTIFIER = com.4d.QMobileDataSync;
				PRODUCT_NAME = "$(TARGET_NAME)";
				SKIP_INSTALL = YES;
				SUPPORTS_MACCATALYST = NO;
				SWIFT_OPTIMIZATION_LEVEL = "-Onone";
				SWIFT_VERSION = 5.0;
			};
			name = Debug;
		};
		48C55E821EB8A09600F9ECAC /* Release */ = {
			isa = XCBuildConfiguration;
			buildSettings = {
				CLANG_ENABLE_MODULES = YES;
				CODE_SIGN_IDENTITY = "";
				DEFINES_MODULE = YES;
				DEVELOPMENT_TEAM = "";
				DYLIB_COMPATIBILITY_VERSION = 1;
				DYLIB_CURRENT_VERSION = 1;
				DYLIB_INSTALL_NAME_BASE = "@rpath";
				FRAMEWORK_SEARCH_PATHS = (
					"$(inherited)",
					"$(PROJECT_DIR)/Carthage/Build/iOS",
					"$(PROJECT_DIR)/Carthage/Build/Mac",
				);
				INFOPLIST_FILE = Xcode/iOS/Info.plist;
				INSTALL_PATH = "$(LOCAL_LIBRARY_DIR)/Frameworks";
				IPHONEOS_DEPLOYMENT_TARGET = 14.0;
				LD_RUNPATH_SEARCH_PATHS = "$(inherited) @executable_path/Frameworks @loader_path/Frameworks";
				PRODUCT_BUNDLE_IDENTIFIER = com.4d.QMobileDataSync;
				PRODUCT_NAME = "$(TARGET_NAME)";
				SKIP_INSTALL = YES;
				SUPPORTS_MACCATALYST = NO;
				SWIFT_VERSION = 5.0;
			};
			name = Release;
		};
		48C55EA31EB8A4A100F9ECAC /* Debug */ = {
			isa = XCBuildConfiguration;
			buildSettings = {
				ALWAYS_EMBED_SWIFT_STANDARD_LIBRARIES = YES;
				FRAMEWORK_SEARCH_PATHS = (
					"$(inherited)",
					"$(PROJECT_DIR)/Carthage/Build/iOS",
				);
				INFOPLIST_FILE = Tests/Info.plist;
				LD_RUNPATH_SEARCH_PATHS = "$(inherited) @executable_path/Frameworks @loader_path/Frameworks";
				PRODUCT_BUNDLE_IDENTIFIER = fr.phimage.Tests;
				PRODUCT_NAME = "$(TARGET_NAME)";
				SWIFT_VERSION = 5.0;
			};
			name = Debug;
		};
		48C55EA41EB8A4A100F9ECAC /* Release */ = {
			isa = XCBuildConfiguration;
			buildSettings = {
				ALWAYS_EMBED_SWIFT_STANDARD_LIBRARIES = YES;
				FRAMEWORK_SEARCH_PATHS = (
					"$(inherited)",
					"$(PROJECT_DIR)/Carthage/Build/iOS",
				);
				INFOPLIST_FILE = Tests/Info.plist;
				LD_RUNPATH_SEARCH_PATHS = "$(inherited) @executable_path/Frameworks @loader_path/Frameworks";
				PRODUCT_BUNDLE_IDENTIFIER = fr.phimage.Tests;
				PRODUCT_NAME = "$(TARGET_NAME)";
				SWIFT_VERSION = 5.0;
			};
			name = Release;
		};
		48DB1F5721ABEA6B00B97E26 /* Debug */ = {
			isa = XCBuildConfiguration;
			buildSettings = {
				CLANG_CXX_LANGUAGE_STANDARD = "gnu++14";
				CLANG_ENABLE_OBJC_WEAK = YES;
				CLANG_WARN_UNGUARDED_AVAILABILITY = YES_AGGRESSIVE;
				CODE_SIGN_IDENTITY = "";
				CODE_SIGN_STYLE = Automatic;
				COMBINE_HIDPI_IMAGES = YES;
				DEFINES_MODULE = YES;
				DEVELOPMENT_TEAM = 37UG5W39Z2;
				DYLIB_COMPATIBILITY_VERSION = 1;
				DYLIB_CURRENT_VERSION = 1;
				DYLIB_INSTALL_NAME_BASE = "@rpath";
				FRAMEWORK_SEARCH_PATHS = (
					"$(inherited)",
					"$(PROJECT_DIR)/Carthage/Build/Mac",
				);
				FRAMEWORK_VERSION = A;
				GCC_C_LANGUAGE_STANDARD = gnu11;
				INFOPLIST_FILE = Xcode/MacOS/Info.plist;
				INSTALL_PATH = "$(LOCAL_LIBRARY_DIR)/Frameworks";
				LD_RUNPATH_SEARCH_PATHS = "$(inherited) @executable_path/../Frameworks @loader_path/Frameworks";
				MACOSX_DEPLOYMENT_TARGET = 10.14;
				MTL_ENABLE_DEBUG_INFO = INCLUDE_SOURCE;
				MTL_FAST_MATH = YES;
				PRODUCT_BUNDLE_IDENTIFIER = com.phimage.QMobileDataSync;
				PRODUCT_NAME = QMobileDataSync;
				SDKROOT = macosx;
				SKIP_INSTALL = YES;
				SWIFT_VERSION = 5.0;
			};
			name = Debug;
		};
		48DB1F5821ABEA6B00B97E26 /* Release */ = {
			isa = XCBuildConfiguration;
			buildSettings = {
				CLANG_CXX_LANGUAGE_STANDARD = "gnu++14";
				CLANG_ENABLE_OBJC_WEAK = YES;
				CLANG_WARN_UNGUARDED_AVAILABILITY = YES_AGGRESSIVE;
				CODE_SIGN_IDENTITY = "";
				CODE_SIGN_STYLE = Automatic;
				COMBINE_HIDPI_IMAGES = YES;
				DEFINES_MODULE = YES;
				DEVELOPMENT_TEAM = 37UG5W39Z2;
				DYLIB_COMPATIBILITY_VERSION = 1;
				DYLIB_CURRENT_VERSION = 1;
				DYLIB_INSTALL_NAME_BASE = "@rpath";
				FRAMEWORK_SEARCH_PATHS = (
					"$(inherited)",
					"$(PROJECT_DIR)/Carthage/Build/Mac",
				);
				FRAMEWORK_VERSION = A;
				GCC_C_LANGUAGE_STANDARD = gnu11;
				INFOPLIST_FILE = Xcode/MacOS/Info.plist;
				INSTALL_PATH = "$(LOCAL_LIBRARY_DIR)/Frameworks";
				LD_RUNPATH_SEARCH_PATHS = "$(inherited) @executable_path/../Frameworks @loader_path/Frameworks";
				MACOSX_DEPLOYMENT_TARGET = 10.14;
				MTL_FAST_MATH = YES;
				PRODUCT_BUNDLE_IDENTIFIER = com.phimage.QMobileDataSync;
				PRODUCT_NAME = QMobileDataSync;
				SDKROOT = macosx;
				SKIP_INSTALL = YES;
				SWIFT_VERSION = 5.0;
			};
			name = Release;
		};
/* End XCBuildConfiguration section */

/* Begin XCConfigurationList section */
		483727861EB8AE4A0060B064 /* Build configuration list for PBXLegacyTarget "swiftlint" */ = {
			isa = XCConfigurationList;
			buildConfigurations = (
				483727871EB8AE4A0060B064 /* Debug */,
				483727881EB8AE4A0060B064 /* Release */,
			);
			defaultConfigurationIsVisible = 0;
			defaultConfigurationName = Release;
		};
		48934E6F1F3DD3FA003B7DB4 /* Build configuration list for PBXLegacyTarget "carthage update" */ = {
			isa = XCConfigurationList;
			buildConfigurations = (
				48934E701F3DD3FA003B7DB4 /* Debug */,
				48934E711F3DD3FA003B7DB4 /* Release */,
			);
			defaultConfigurationIsVisible = 0;
			defaultConfigurationName = Release;
		};
		48C55E721EB8A09600F9ECAC /* Build configuration list for PBXProject "QMobileDataSync" */ = {
			isa = XCConfigurationList;
			buildConfigurations = (
				48C55E7E1EB8A09600F9ECAC /* Debug */,
				48C55E7F1EB8A09600F9ECAC /* Release */,
			);
			defaultConfigurationIsVisible = 0;
			defaultConfigurationName = Release;
		};
		48C55E801EB8A09600F9ECAC /* Build configuration list for PBXNativeTarget "QMobileDataSync" */ = {
			isa = XCConfigurationList;
			buildConfigurations = (
				48C55E811EB8A09600F9ECAC /* Debug */,
				48C55E821EB8A09600F9ECAC /* Release */,
			);
			defaultConfigurationIsVisible = 0;
			defaultConfigurationName = Release;
		};
		48C55EA21EB8A4A100F9ECAC /* Build configuration list for PBXNativeTarget "Tests" */ = {
			isa = XCConfigurationList;
			buildConfigurations = (
				48C55EA31EB8A4A100F9ECAC /* Debug */,
				48C55EA41EB8A4A100F9ECAC /* Release */,
			);
			defaultConfigurationIsVisible = 0;
			defaultConfigurationName = Release;
		};
		48DB1F5921ABEA6B00B97E26 /* Build configuration list for PBXNativeTarget "QMobileDataSyncMacOS" */ = {
			isa = XCConfigurationList;
			buildConfigurations = (
				48DB1F5721ABEA6B00B97E26 /* Debug */,
				48DB1F5821ABEA6B00B97E26 /* Release */,
			);
			defaultConfigurationIsVisible = 0;
			defaultConfigurationName = Release;
		};
/* End XCConfigurationList section */

/* Begin XCVersionGroup section */
		485554E81ECAF04A001EE365 /* Invoices.xcdatamodeld */ = {
			isa = XCVersionGroup;
			children = (
				485554E91ECAF04A001EE365 /* Invoices.xcdatamodel */,
			);
			currentVersion = 485554E91ECAF04A001EE365 /* Invoices.xcdatamodel */;
			path = Invoices.xcdatamodeld;
			sourceTree = "<group>";
			versionGroupType = wrapper.xcdatamodel;
		};
/* End XCVersionGroup section */
	};
	rootObject = 48C55E6F1EB8A09600F9ECAC /* Project object */;
}
